<?xml version="1.0" encoding="utf-8"?>
<Project ToolsVersion="4.0" xmlns="http://schemas.microsoft.com/developer/msbuild/2003">
  <ItemGroup>
    <Filter Include="Source Files">
      <UniqueIdentifier>{4FC737F1-C7A5-4376-A066-2A32D752A2FF}</UniqueIdentifier>
      <Extensions>cpp;c;cc;cxx;c++;cppm;ixx;def;odl;idl;hpj;bat;asm;asmx</Extensions>
    </Filter>
    <Filter Include="Header Files">
      <UniqueIdentifier>{93995380-89BD-4b04-88EB-625FBE52EBFB}</UniqueIdentifier>
      <Extensions>h;hh;hpp;hxx;h++;hm;inl;inc;ipp;xsd</Extensions>
    </Filter>
    <Filter Include="Resource Files">
      <UniqueIdentifier>{67DA6AB6-F800-4c08-8B7A-83BB121AAD01}</UniqueIdentifier>
      <Extensions>rc;ico;cur;bmp;dlg;rc2;rct;bin;rgs;gif;jpg;jpeg;jpe;resx;tiff;tif;png;wav;mfcribbon-ms</Extensions>
    </Filter>
    <Filter Include="Source Files\assembler">
      <UniqueIdentifier>{5dde879e-a880-427e-800f-fdefaa443bd1}</UniqueIdentifier>
    </Filter>
  </ItemGroup>
  <ItemGroup>
    <ClCompile Include="..\..\src\supportpsx\assembler.cc">
      <Filter>Source Files</Filter>
    </ClCompile>
    <ClCompile Include="..\..\src\supportpsx\binloader.cc">
      <Filter>Source Files</Filter>
    </ClCompile>
    <ClCompile Include="..\..\third_party\ucl\src\alloc.c">
      <Filter>Source Files</Filter>
    </ClCompile>
    <ClCompile Include="..\..\third_party\ucl\src\n2e_99.c">
      <Filter>Source Files</Filter>
    </ClCompile>
    <ClCompile Include="..\..\src\supportpsx\ps1-packer.cc">
      <Filter>Source Files</Filter>
    </ClCompile>
    <ClCompile Include="..\..\src\supportpsx\binlua.cc">
      <Filter>Source Files</Filter>
    </ClCompile>
    <ClCompile Include="..\..\src\supportpsx\ucl-glue.c">
      <Filter>Source Files</Filter>
    </ClCompile>
    <ClCompile Include="..\..\src\supportpsx\iec-60908b.cc">
      <Filter>Source Files</Filter>
    </ClCompile>
    <ClCompile Include="..\..\src\supportpsx\adpcm.cc">
      <Filter>Source Files</Filter>
    </ClCompile>
    <ClCompile Include="..\..\src\supportpsx\adpcmlua.cc">
      <Filter>Source Files</Filter>
    </ClCompile>
  </ItemGroup>
  <ItemGroup>
    <None Include="..\..\src\supportpsx\binffi.lua">
      <Filter>Source Files</Filter>
    </None>
    <None Include="..\..\src\supportpsx\assembler\assembler.lua">
      <Filter>Source Files\assembler</Filter>
    </None>
    <None Include="..\..\src\supportpsx\assembler\extra.lua">
      <Filter>Source Files\assembler</Filter>
    </None>
    <None Include="..\..\src\supportpsx\assembler\gte.lua">
      <Filter>Source Files\assembler</Filter>
    </None>
    <None Include="..\..\src\supportpsx\assembler\loadstore.lua">
      <Filter>Source Files\assembler</Filter>
    </None>
    <None Include="..\..\src\supportpsx\assembler\pseudo.lua">
      <Filter>Source Files\assembler</Filter>
    </None>
    <None Include="..\..\src\supportpsx\assembler\symbols.lua">
      <Filter>Source Files\assembler</Filter>
    </None>
    <None Include="..\..\src\supportpsx\assembler\registers.lua">
      <Filter>Source Files\assembler</Filter>
    </None>
    <None Include="..\..\src\supportpsx\assembler\simple.lua">
      <Filter>Source Files\assembler</Filter>
    </None>
    <None Include="..\..\src\supportpsx\adpcmffi.lua">
      <Filter>Source Files</Filter>
    </None>
    <None Include="packages.config" />
  </ItemGroup>
  <ItemGroup>
    <ClInclude Include="..\..\src\supportpsx\assembler.h">
      <Filter>Header Files</Filter>
    </ClInclude>
    <ClInclude Include="..\..\src\supportpsx\binloader.h">
      <Filter>Header Files</Filter>
    </ClInclude>
    <ClInclude Include="..\..\src\supportpsx\ps1-packer.h">
      <Filter>Header Files</Filter>
    </ClInclude>
    <ClInclude Include="..\..\src\supportpsx\binlua.h">
      <Filter>Header Files</Filter>
    </ClInclude>
    <ClInclude Include="..\..\src\supportpsx\iec-60908b.h">
      <Filter>Header Files</Filter>
    </ClInclude>
    <ClInclude Include="..\..\src\supportpsx\adpcm.h">
      <Filter>Header Files</Filter>
    </ClInclude>
    <ClInclude Include="..\..\src\supportpsx\adpcmlua.h">
      <Filter>Header Files</Filter>
    </ClInclude>
    <ClInclude Include="..\..\src\supportpsx\memory.h">
      <Filter>Header Files</Filter>
    </ClInclude>
  </ItemGroup>
</Project>