<?xml version="1.0" encoding="utf-8"?>
<Project ToolsVersion="4.0" xmlns="http://schemas.microsoft.com/developer/msbuild/2003">
  <ItemGroup>
    <Filter Include="Source Files">
      <UniqueIdentifier>{4FC737F1-C7A5-4376-A066-2A32D752A2FF}</UniqueIdentifier>
      <Extensions>cpp;c;cc;cxx;c++;def;odl;idl;hpj;bat;asm;asmx</Extensions>
    </Filter>
    <Filter Include="Header Files">
      <UniqueIdentifier>{93995380-89BD-4b04-88EB-625FBE52EBFB}</UniqueIdentifier>
      <Extensions>h;hh;hpp;hxx;h++;hm;inl;inc;ipp;xsd</Extensions>
    </Filter>
    <Filter Include="Resource Files">
      <UniqueIdentifier>{67DA6AB6-F800-4c08-8B7A-83BB121AAD01}</UniqueIdentifier>
      <Extensions>rc;ico;cur;bmp;dlg;rc2;rct;bin;rgs;gif;jpg;jpeg;jpe;resx;tiff;tif;png;wav;mfcribbon-ms</Extensions>
    </Filter>
  </ItemGroup>
  <ItemGroup>
    <ClCompile Include="..\..\third_party\libelfin\abbrev.cc">
      <Filter>Source Files</Filter>
    </ClCompile>
    <ClCompile Include="..\..\third_party\libelfin\attrs.cc">
      <Filter>Source Files</Filter>
    </ClCompile>
    <ClCompile Include="..\..\third_party\libelfin\cursor.cc">
      <Filter>Source Files</Filter>
    </ClCompile>
    <ClCompile Include="..\..\third_party\libelfin\die.cc">
      <Filter>Source Files</Filter>
    </ClCompile>
    <ClCompile Include="..\..\third_party\libelfin\die_str_map.cc">
      <Filter>Source Files</Filter>
    </ClCompile>
    <ClCompile Include="..\..\third_party\libelfin\dwarf.cc">
      <Filter>Source Files</Filter>
    </ClCompile>
    <ClCompile Include="..\..\third_party\libelfin\expr.cc">
      <Filter>Source Files</Filter>
    </ClCompile>
    <ClCompile Include="..\..\third_party\libelfin\line.cc">
      <Filter>Source Files</Filter>
    </ClCompile>
    <ClCompile Include="..\..\third_party\libelfin\rangelist.cc">
      <Filter>Source Files</Filter>
    </ClCompile>
    <ClCompile Include="..\..\third_party\libelfin\value.cc">
      <Filter>Source Files</Filter>
    </ClCompile>
    <ClCompile Include="..\..\third_party\libelfin\dwarfelf.cc">
      <Filter>Source Files</Filter>
    </ClCompile>
    <ClCompile Include="..\..\third_party\libelfin\dwarfstring.cc">
      <Filter>Source Files</Filter>
    </ClCompile>
    <ClCompile Include="..\..\third_party\libelfin\elf.cc">
      <Filter>Source Files</Filter>
    </ClCompile>
    <ClCompile Include="..\..\third_party\libelfin\elfstring.cc">
      <Filter>Source Files</Filter>
    </ClCompile>
    <ClCompile Include="..\..\third_party\libelfin\loader.cc">
      <Filter>Source Files</Filter>
    </ClCompile>
  </ItemGroup>
  <ItemGroup>
    <ClInclude Include="..\..\third_party\libelfin\dwarf++.hh">
      <Filter>Header Files</Filter>
    </ClInclude>
    <ClInclude Include="..\..\third_party\libelfin\internal.hh">
      <Filter>Header Files</Filter>
    </ClInclude>
    <ClInclude Include="..\..\third_party\libelfin\small_vector.hh">
      <Filter>Header Files</Filter>
    </ClInclude>
    <ClInclude Include="..\..\third_party\libelfin\to_hex.hh">
      <Filter>Header Files</Filter>
    </ClInclude>
    <ClInclude Include="..\..\third_party\libelfin\dwarfdata.hh">
      <Filter>Header Files</Filter>
    </ClInclude>
    <ClInclude Include="..\..\third_party\libelfin\common.hh">
      <Filter>Header Files</Filter>
    </ClInclude>
    <ClInclude Include="..\..\third_party\libelfin\data.hh">
      <Filter>Header Files</Filter>
    </ClInclude>
    <ClInclude Include="..\..\third_party\libelfin\elf++.hh">
      <Filter>Header Files</Filter>
    </ClInclude>
  </ItemGroup>
  <ItemGroup>
    <None Include="..\..\third_party\libelfin\LICENSE" />
  </ItemGroup>
</Project>