<?xml version="1.0" encoding="utf-8"?>
<Project ToolsVersion="4.0" xmlns="http://schemas.microsoft.com/developer/msbuild/2003">
  <ItemGroup>
    <Filter Include="Source Files">
      <UniqueIdentifier>{4FC737F1-C7A5-4376-A066-2A32D752A2FF}</UniqueIdentifier>
      <Extensions>cpp;c;cc;cxx;c++;def;odl;idl;hpj;bat;asm;asmx</Extensions>
    </Filter>
    <Filter Include="Header Files">
      <UniqueIdentifier>{93995380-89BD-4b04-88EB-625FBE52EBFB}</UniqueIdentifier>
      <Extensions>h;hh;hpp;hxx;h++;hm;inl;inc;ipp;xsd</Extensions>
    </Filter>
    <Filter Include="Resource Files">
      <UniqueIdentifier>{67DA6AB6-F800-4c08-8B7A-83BB121AAD01}</UniqueIdentifier>
      <Extensions>rc;ico;cur;bmp;dlg;rc2;rct;bin;rgs;gif;jpg;jpeg;jpe;resx;tiff;tif;png;wav;mfcribbon-ms</Extensions>
    </Filter>
  </ItemGroup>
  <ItemGroup>
    <ClCompile Include="..\..\third_party\luv\src\luv.c">
      <Filter>Source Files</Filter>
    </ClCompile>
    <ClCompile Include="..\..\third_party\luv\src\async.c">
      <Filter>Source Files</Filter>
    </ClCompile>
    <ClCompile Include="..\..\third_party\luv\src\check.c">
      <Filter>Source Files</Filter>
    </ClCompile>
    <ClCompile Include="..\..\third_party\luv\src\constants.c">
      <Filter>Source Files</Filter>
    </ClCompile>
    <ClCompile Include="..\..\third_party\luv\src\dns.c">
      <Filter>Source Files</Filter>
    </ClCompile>
    <ClCompile Include="..\..\third_party\luv\src\fs.c">
      <Filter>Source Files</Filter>
    </ClCompile>
    <ClCompile Include="..\..\third_party\luv\src\fs_event.c">
      <Filter>Source Files</Filter>
    </ClCompile>
    <ClCompile Include="..\..\third_party\luv\src\fs_poll.c">
      <Filter>Source Files</Filter>
    </ClCompile>
    <ClCompile Include="..\..\third_party\luv\src\handle.c">
      <Filter>Source Files</Filter>
    </ClCompile>
    <ClCompile Include="..\..\third_party\luv\src\idle.c">
      <Filter>Source Files</Filter>
    </ClCompile>
    <ClCompile Include="..\..\third_party\luv\src\lhandle.c">
      <Filter>Source Files</Filter>
    </ClCompile>
    <ClCompile Include="..\..\third_party\luv\src\loop.c">
      <Filter>Source Files</Filter>
    </ClCompile>
    <ClCompile Include="..\..\third_party\luv\src\lreq.c">
      <Filter>Source Files</Filter>
    </ClCompile>
    <ClCompile Include="..\..\third_party\luv\src\misc.c">
      <Filter>Source Files</Filter>
    </ClCompile>
    <ClCompile Include="..\..\third_party\luv\src\pipe.c">
      <Filter>Source Files</Filter>
    </ClCompile>
    <ClCompile Include="..\..\third_party\luv\src\poll.c">
      <Filter>Source Files</Filter>
    </ClCompile>
    <ClCompile Include="..\..\third_party\luv\src\prepare.c">
      <Filter>Source Files</Filter>
    </ClCompile>
    <ClCompile Include="..\..\third_party\luv\src\process.c">
      <Filter>Source Files</Filter>
    </ClCompile>
    <ClCompile Include="..\..\third_party\luv\src\req.c">
      <Filter>Source Files</Filter>
    </ClCompile>
    <ClCompile Include="..\..\third_party\luv\src\schema.c">
      <Filter>Source Files</Filter>
    </ClCompile>
    <ClCompile Include="..\..\third_party\luv\src\signal.c">
      <Filter>Source Files</Filter>
    </ClCompile>
    <ClCompile Include="..\..\third_party\luv\src\stream.c">
      <Filter>Source Files</Filter>
    </ClCompile>
    <ClCompile Include="..\..\third_party\luv\src\tcp.c">
      <Filter>Source Files</Filter>
    </ClCompile>
    <ClCompile Include="..\..\third_party\luv\src\thread.c">
      <Filter>Source Files</Filter>
    </ClCompile>
    <ClCompile Include="..\..\third_party\luv\src\timer.c">
      <Filter>Source Files</Filter>
    </ClCompile>
    <ClCompile Include="..\..\third_party\luv\src\tty.c">
      <Filter>Source Files</Filter>
    </ClCompile>
    <ClCompile Include="..\..\third_party\luv\src\udp.c">
      <Filter>Source Files</Filter>
    </ClCompile>
    <ClCompile Include="..\..\third_party\luv\src\util.c">
      <Filter>Source Files</Filter>
    </ClCompile>
    <ClCompile Include="..\..\third_party\luv\src\work.c">
      <Filter>Source Files</Filter>
    </ClCompile>
  </ItemGroup>
  <ItemGroup>
    <ClInclude Include="..\..\third_party\luv\src\lhandle.h">
      <Filter>Header Files</Filter>
    </ClInclude>
    <ClInclude Include="..\..\third_party\luv\src\lreq.h">
      <Filter>Header Files</Filter>
    </ClInclude>
    <ClInclude Include="..\..\third_party\luv\src\lthreadpool.h">
      <Filter>Header Files</Filter>
    </ClInclude>
    <ClInclude Include="..\..\third_party\luv\src\luv.h">
      <Filter>Header Files</Filter>
    </ClInclude>
    <ClInclude Include="..\..\third_party\luv\src\private.h">
      <Filter>Header Files</Filter>
    </ClInclude>
    <ClInclude Include="..\..\third_party\luv\src\util.h">
      <Filter>Header Files</Filter>
    </ClInclude>
  </ItemGroup>
  <ItemGroup>
    <None Include="packages.config" />
  </ItemGroup>
</Project>