<?xml version="1.0" encoding="utf-8"?>
<Project ToolsVersion="4.0" xmlns="http://schemas.microsoft.com/developer/msbuild/2003">
  <ItemGroup>
    <Filter Include="Source Files">
      <UniqueIdentifier>{4FC737F1-C7A5-4376-A066-2A32D752A2FF}</UniqueIdentifier>
      <Extensions>cpp;c;cc;cxx;c++;cppm;ixx;def;odl;idl;hpj;bat;asm;asmx</Extensions>
    </Filter>
    <Filter Include="Header Files">
      <UniqueIdentifier>{93995380-89BD-4b04-88EB-625FBE52EBFB}</UniqueIdentifier>
      <Extensions>h;hh;hpp;hxx;h++;hm;inl;inc;ipp;xsd</Extensions>
    </Filter>
    <Filter Include="Resource Files">
      <UniqueIdentifier>{67DA6AB6-F800-4c08-8B7A-83BB121AAD01}</UniqueIdentifier>
      <Extensions>rc;ico;cur;bmp;dlg;rc2;rct;bin;rgs;gif;jpg;jpeg;jpe;resx;tiff;tif;png;wav;mfcribbon-ms</Extensions>
    </Filter>
    <Filter Include="Header Files\autofit">
      <UniqueIdentifier>{44383bab-9c6a-404d-af92-854163714000}</UniqueIdentifier>
    </Filter>
    <Filter Include="Source Files\autofit">
      <UniqueIdentifier>{06215b3c-472a-46c3-92db-38cc19bcef6f}</UniqueIdentifier>
    </Filter>
    <Filter Include="Header Files\bdf">
      <UniqueIdentifier>{e6cf451a-23f0-4111-842b-3e2c35f0ef82}</UniqueIdentifier>
    </Filter>
    <Filter Include="Source Files\bdf">
      <UniqueIdentifier>{12972c46-d681-41f4-92e6-2235099bd8cf}</UniqueIdentifier>
    </Filter>
    <Filter Include="Header Files\cff">
      <UniqueIdentifier>{6fe74074-0ae6-40e4-a806-8364004b44e1}</UniqueIdentifier>
    </Filter>
    <Filter Include="Source Files\cff">
      <UniqueIdentifier>{1989d2cd-9fa5-4b1f-8d9f-9d2ea6af478c}</UniqueIdentifier>
    </Filter>
    <Filter Include="Header Files\base">
      <UniqueIdentifier>{d56d879e-1d77-4362-9292-d62f85efe79e}</UniqueIdentifier>
    </Filter>
    <Filter Include="Source Files\base">
      <UniqueIdentifier>{37f15f19-2a78-496f-b214-947801ab276a}</UniqueIdentifier>
    </Filter>
    <Filter Include="Source Files\bzip2">
      <UniqueIdentifier>{0879fffa-f0c0-43a4-94c4-2922118ee2b9}</UniqueIdentifier>
    </Filter>
    <Filter Include="Header Files\cache">
      <UniqueIdentifier>{c4b1b4a3-a3fa-4258-bb50-dd38b758a253}</UniqueIdentifier>
    </Filter>
    <Filter Include="Source Files\cache">
      <UniqueIdentifier>{4ec71c39-10a5-4162-a407-31168e1e0454}</UniqueIdentifier>
    </Filter>
    <Filter Include="Source Files\windows">
      <UniqueIdentifier>{575feea0-d578-4e38-b408-be7267300104}</UniqueIdentifier>
    </Filter>
    <Filter Include="Header Files\windows">
      <UniqueIdentifier>{4884245c-16c8-4ae3-8ae7-c89d11d5ddf6}</UniqueIdentifier>
    </Filter>
    <Filter Include="Source Files\gzip">
      <UniqueIdentifier>{a7e65e29-1f25-46df-9567-1a5dc30d2303}</UniqueIdentifier>
    </Filter>
    <Filter Include="Header Files\lzw">
      <UniqueIdentifier>{33b30bb0-1e66-41b5-a1af-9994d1dd2c21}</UniqueIdentifier>
    </Filter>
    <Filter Include="Source Files\lzw">
      <UniqueIdentifier>{0abca2dd-0738-450f-ab61-1c3002a10be4}</UniqueIdentifier>
    </Filter>
    <Filter Include="Source Files\pcf">
      <UniqueIdentifier>{fec3b10e-c8c2-4660-9c37-caf766310e18}</UniqueIdentifier>
    </Filter>
    <Filter Include="Header Files\pcf">
      <UniqueIdentifier>{c3b7b3a1-e6af-42b5-84d6-8506ba7ab3b7}</UniqueIdentifier>
    </Filter>
    <Filter Include="Header Files\pfr">
      <UniqueIdentifier>{36ab0b53-30e6-4450-a9b7-602a97f16c29}</UniqueIdentifier>
    </Filter>
    <Filter Include="Source Files\pfr">
      <UniqueIdentifier>{5493a45a-6d81-4b32-b37c-ee821c1d79ac}</UniqueIdentifier>
    </Filter>
    <Filter Include="Source Files\psaux">
      <UniqueIdentifier>{3c531ae1-d4ca-4875-a6c7-367c31f42cdc}</UniqueIdentifier>
    </Filter>
    <Filter Include="Header Files\psaux">
      <UniqueIdentifier>{a17896f2-c74d-404b-960c-7cd5e58919ad}</UniqueIdentifier>
    </Filter>
    <Filter Include="Header Files\pshinter">
      <UniqueIdentifier>{ce43bc31-25fa-4d07-882c-8268cd4a0b6b}</UniqueIdentifier>
    </Filter>
    <Filter Include="Source Files\pshinter">
      <UniqueIdentifier>{ca14adb9-03b1-4a29-a254-dd29a3564f57}</UniqueIdentifier>
    </Filter>
    <Filter Include="Header Files\psnames">
      <UniqueIdentifier>{b8abe86d-6ae0-4001-9893-9e0f6d3ed12a}</UniqueIdentifier>
    </Filter>
    <Filter Include="Source Files\psnames">
      <UniqueIdentifier>{febc4595-1ed8-49a0-92d2-55210758474d}</UniqueIdentifier>
    </Filter>
    <Filter Include="Source Files\raster">
      <UniqueIdentifier>{36901fd2-5458-4a02-aaea-8f96c524f03e}</UniqueIdentifier>
    </Filter>
    <Filter Include="Header Files\raster">
      <UniqueIdentifier>{8062ae7c-d32b-46b1-8df5-06d96c740711}</UniqueIdentifier>
    </Filter>
    <Filter Include="Header Files\sfnt">
      <UniqueIdentifier>{0a5d6b8c-9746-462b-b0ac-128874a97c19}</UniqueIdentifier>
    </Filter>
    <Filter Include="Source Files\sfnt">
      <UniqueIdentifier>{81a67497-4c63-4123-a603-266d6b5b9c7c}</UniqueIdentifier>
    </Filter>
    <Filter Include="Source Files\smooth">
      <UniqueIdentifier>{846f3c9b-d232-48e0-a435-a7237c3e0cf0}</UniqueIdentifier>
    </Filter>
    <Filter Include="Header Files\smooth">
      <UniqueIdentifier>{a7ec9c39-b3e9-4d66-a25b-0b89d9b04fae}</UniqueIdentifier>
    </Filter>
    <Filter Include="Header Files\truetype">
      <UniqueIdentifier>{aed9cbc6-3c50-4d83-871d-2717fa37fa13}</UniqueIdentifier>
    </Filter>
    <Filter Include="Source Files\truetype">
      <UniqueIdentifier>{e5c54d25-f0fd-4034-95f1-89253aa2423d}</UniqueIdentifier>
    </Filter>
    <Filter Include="Header Files\type1">
      <UniqueIdentifier>{96b61ae6-6522-40ad-8fa6-e42cad285f56}</UniqueIdentifier>
    </Filter>
    <Filter Include="Source Files\type1">
      <UniqueIdentifier>{b4f6f666-f976-459d-82e0-2162532c3c31}</UniqueIdentifier>
    </Filter>
    <Filter Include="Header Files\cid">
      <UniqueIdentifier>{05af01c5-17c1-4b85-b605-53d3cea1656d}</UniqueIdentifier>
    </Filter>
    <Filter Include="Source Files\cid">
      <UniqueIdentifier>{d8ce84c7-061c-44f9-9aa2-0a2063d7f27d}</UniqueIdentifier>
    </Filter>
    <Filter Include="Header Files\type42">
      <UniqueIdentifier>{a45e2c21-1b29-4b4d-b6c7-01419e9027cb}</UniqueIdentifier>
    </Filter>
    <Filter Include="Source Files\type42">
      <UniqueIdentifier>{cb53440c-bd07-4db6-b8ea-0468bdf7186a}</UniqueIdentifier>
    </Filter>
  </ItemGroup>
  <ItemGroup>
    <ClCompile Include="..\..\third_party\freetype\src\autofit\afangles.c">
      <Filter>Source Files\autofit</Filter>
    </ClCompile>
    <ClCompile Include="..\..\third_party\freetype\src\autofit\afblue.c">
      <Filter>Source Files\autofit</Filter>
    </ClCompile>
    <ClCompile Include="..\..\third_party\freetype\src\autofit\afcjk.c">
      <Filter>Source Files\autofit</Filter>
    </ClCompile>
    <ClCompile Include="..\..\third_party\freetype\src\autofit\afdummy.c">
      <Filter>Source Files\autofit</Filter>
    </ClCompile>
    <ClCompile Include="..\..\third_party\freetype\src\autofit\afglobal.c">
      <Filter>Source Files\autofit</Filter>
    </ClCompile>
    <ClCompile Include="..\..\third_party\freetype\src\autofit\afhints.c">
      <Filter>Source Files\autofit</Filter>
    </ClCompile>
    <ClCompile Include="..\..\third_party\freetype\src\autofit\afindic.c">
      <Filter>Source Files\autofit</Filter>
    </ClCompile>
    <ClCompile Include="..\..\third_party\freetype\src\autofit\aflatin.c">
      <Filter>Source Files\autofit</Filter>
    </ClCompile>
    <ClCompile Include="..\..\third_party\freetype\src\autofit\aflatin2.c">
      <Filter>Source Files\autofit</Filter>
    </ClCompile>
    <ClCompile Include="..\..\third_party\freetype\src\autofit\afloader.c">
      <Filter>Source Files\autofit</Filter>
    </ClCompile>
    <ClCompile Include="..\..\third_party\freetype\src\autofit\afmodule.c">
      <Filter>Source Files\autofit</Filter>
    </ClCompile>
    <ClCompile Include="..\..\third_party\freetype\src\autofit\afranges.c">
      <Filter>Source Files\autofit</Filter>
    </ClCompile>
    <ClCompile Include="..\..\third_party\freetype\src\autofit\afshaper.c">
      <Filter>Source Files\autofit</Filter>
    </ClCompile>
    <ClCompile Include="..\..\third_party\freetype\src\autofit\afwarp.c">
      <Filter>Source Files\autofit</Filter>
    </ClCompile>
    <ClCompile Include="..\..\third_party\freetype\src\bdf\bdfdrivr.c">
      <Filter>Source Files\bdf</Filter>
    </ClCompile>
    <ClCompile Include="..\..\third_party\freetype\src\bdf\bdflib.c">
      <Filter>Source Files\bdf</Filter>
    </ClCompile>
    <ClCompile Include="..\..\third_party\freetype\src\cff\cffcmap.c">
      <Filter>Source Files\cff</Filter>
    </ClCompile>
    <ClCompile Include="..\..\third_party\freetype\src\cff\cffdrivr.c">
      <Filter>Source Files\cff</Filter>
    </ClCompile>
    <ClCompile Include="..\..\third_party\freetype\src\cff\cffgload.c">
      <Filter>Source Files\cff</Filter>
    </ClCompile>
    <ClCompile Include="..\..\third_party\freetype\src\cff\cffload.c">
      <Filter>Source Files\cff</Filter>
    </ClCompile>
    <ClCompile Include="..\..\third_party\freetype\src\cff\cffobjs.c">
      <Filter>Source Files\cff</Filter>
    </ClCompile>
    <ClCompile Include="..\..\third_party\freetype\src\cff\cffparse.c">
      <Filter>Source Files\cff</Filter>
    </ClCompile>
    <ClCompile Include="..\..\third_party\freetype\src\base\ftadvanc.c">
      <Filter>Source Files\base</Filter>
    </ClCompile>
    <ClCompile Include="..\..\third_party\freetype\src\base\ftbbox.c">
      <Filter>Source Files\base</Filter>
    </ClCompile>
    <ClCompile Include="..\..\third_party\freetype\src\base\ftbdf.c">
      <Filter>Source Files\base</Filter>
    </ClCompile>
    <ClCompile Include="..\..\third_party\freetype\src\base\ftbitmap.c">
      <Filter>Source Files\base</Filter>
    </ClCompile>
    <ClCompile Include="..\..\third_party\freetype\src\base\ftcalc.c">
      <Filter>Source Files\base</Filter>
    </ClCompile>
    <ClCompile Include="..\..\third_party\freetype\src\base\ftcid.c">
      <Filter>Source Files\base</Filter>
    </ClCompile>
    <ClCompile Include="..\..\third_party\freetype\src\base\ftcolor.c">
      <Filter>Source Files\base</Filter>
    </ClCompile>
    <ClCompile Include="..\..\third_party\freetype\src\base\ftdbgmem.c">
      <Filter>Source Files\base</Filter>
    </ClCompile>
    <ClCompile Include="..\..\third_party\freetype\src\base\fterrors.c">
      <Filter>Source Files\base</Filter>
    </ClCompile>
    <ClCompile Include="..\..\third_party\freetype\src\base\ftfntfmt.c">
      <Filter>Source Files\base</Filter>
    </ClCompile>
    <ClCompile Include="..\..\third_party\freetype\src\base\ftfstype.c">
      <Filter>Source Files\base</Filter>
    </ClCompile>
    <ClCompile Include="..\..\third_party\freetype\src\base\ftgasp.c">
      <Filter>Source Files\base</Filter>
    </ClCompile>
    <ClCompile Include="..\..\third_party\freetype\src\base\ftgloadr.c">
      <Filter>Source Files\base</Filter>
    </ClCompile>
    <ClCompile Include="..\..\third_party\freetype\src\base\ftglyph.c">
      <Filter>Source Files\base</Filter>
    </ClCompile>
    <ClCompile Include="..\..\third_party\freetype\src\base\ftgxval.c">
      <Filter>Source Files\base</Filter>
    </ClCompile>
    <ClCompile Include="..\..\third_party\freetype\src\base\fthash.c">
      <Filter>Source Files\base</Filter>
    </ClCompile>
    <ClCompile Include="..\..\third_party\freetype\src\base\ftinit.c">
      <Filter>Source Files\base</Filter>
    </ClCompile>
    <ClCompile Include="..\..\third_party\freetype\src\base\ftlcdfil.c">
      <Filter>Source Files\base</Filter>
    </ClCompile>
    <ClCompile Include="..\..\third_party\freetype\src\base\ftmac.c">
      <Filter>Source Files\base</Filter>
    </ClCompile>
    <ClCompile Include="..\..\third_party\freetype\src\base\ftmm.c">
      <Filter>Source Files\base</Filter>
    </ClCompile>
    <ClCompile Include="..\..\third_party\freetype\src\base\ftobjs.c">
      <Filter>Source Files\base</Filter>
    </ClCompile>
    <ClCompile Include="..\..\third_party\freetype\src\base\ftotval.c">
      <Filter>Source Files\base</Filter>
    </ClCompile>
    <ClCompile Include="..\..\third_party\freetype\src\base\ftoutln.c">
      <Filter>Source Files\base</Filter>
    </ClCompile>
    <ClCompile Include="..\..\third_party\freetype\src\base\ftpatent.c">
      <Filter>Source Files\base</Filter>
    </ClCompile>
    <ClCompile Include="..\..\third_party\freetype\src\base\ftpfr.c">
      <Filter>Source Files\base</Filter>
    </ClCompile>
    <ClCompile Include="..\..\third_party\freetype\src\base\ftpsprop.c">
      <Filter>Source Files\base</Filter>
    </ClCompile>
    <ClCompile Include="..\..\third_party\freetype\src\base\ftrfork.c">
      <Filter>Source Files\base</Filter>
    </ClCompile>
    <ClCompile Include="..\..\third_party\freetype\src\base\ftsnames.c">
      <Filter>Source Files\base</Filter>
    </ClCompile>
    <ClCompile Include="..\..\third_party\freetype\src\base\ftstream.c">
      <Filter>Source Files\base</Filter>
    </ClCompile>
    <ClCompile Include="..\..\third_party\freetype\src\base\ftstroke.c">
      <Filter>Source Files\base</Filter>
    </ClCompile>
    <ClCompile Include="..\..\third_party\freetype\src\base\ftsynth.c">
      <Filter>Source Files\base</Filter>
    </ClCompile>
    <ClCompile Include="..\..\third_party\freetype\src\base\ftsystem.c">
      <Filter>Source Files\base</Filter>
    </ClCompile>
    <ClCompile Include="..\..\third_party\freetype\src\base\fttrigon.c">
      <Filter>Source Files\base</Filter>
    </ClCompile>
    <ClCompile Include="..\..\third_party\freetype\src\base\fttype1.c">
      <Filter>Source Files\base</Filter>
    </ClCompile>
    <ClCompile Include="..\..\third_party\freetype\src\base\ftutil.c">
      <Filter>Source Files\base</Filter>
    </ClCompile>
    <ClCompile Include="..\..\third_party\freetype\src\base\ftwinfnt.c">
      <Filter>Source Files\base</Filter>
    </ClCompile>
    <ClCompile Include="..\..\third_party\freetype\src\base\md5.c">
      <Filter>Source Files\base</Filter>
    </ClCompile>
    <ClCompile Include="..\..\third_party\freetype\src\base\ftbase.c">
      <Filter>Source Files\base</Filter>
    </ClCompile>
    <ClCompile Include="..\..\third_party\freetype\src\autofit\autofit.c">
      <Filter>Source Files\autofit</Filter>
    </ClCompile>
    <ClCompile Include="..\..\third_party\freetype\src\bdf\bdf.c">
      <Filter>Source Files\bdf</Filter>
    </ClCompile>
    <ClCompile Include="..\..\third_party\freetype\src\cff\cff.c">
      <Filter>Source Files\cff</Filter>
    </ClCompile>
    <ClCompile Include="..\..\third_party\freetype\src\bzip2\ftbzip2.c">
      <Filter>Source Files\bzip2</Filter>
    </ClCompile>
    <ClCompile Include="..\..\third_party\freetype\src\cache\ftcsbits.c">
      <Filter>Source Files\cache</Filter>
    </ClCompile>
    <ClCompile Include="..\..\third_party\freetype\src\cache\ftcache.c">
      <Filter>Source Files\cache</Filter>
    </ClCompile>
    <ClCompile Include="..\..\third_party\freetype\src\cache\ftcbasic.c">
      <Filter>Source Files\cache</Filter>
    </ClCompile>
    <ClCompile Include="..\..\third_party\freetype\src\cache\ftccache.c">
      <Filter>Source Files\cache</Filter>
    </ClCompile>
    <ClCompile Include="..\..\third_party\freetype\src\cache\ftccmap.c">
      <Filter>Source Files\cache</Filter>
    </ClCompile>
    <ClCompile Include="..\..\third_party\freetype\src\cache\ftcglyph.c">
      <Filter>Source Files\cache</Filter>
    </ClCompile>
    <ClCompile Include="..\..\third_party\freetype\src\cache\ftcimage.c">
      <Filter>Source Files\cache</Filter>
    </ClCompile>
    <ClCompile Include="..\..\third_party\freetype\src\cache\ftcmanag.c">
      <Filter>Source Files\cache</Filter>
    </ClCompile>
    <ClCompile Include="..\..\third_party\freetype\src\cache\ftcmru.c">
      <Filter>Source Files\cache</Filter>
    </ClCompile>
    <ClCompile Include="..\..\third_party\freetype\src\winfonts\winfnt.c">
      <Filter>Source Files\windows</Filter>
    </ClCompile>
    <ClCompile Include="..\..\third_party\freetype\builds\windows\ftdebug.c">
      <Filter>Source Files\windows</Filter>
    </ClCompile>
    <ClCompile Include="..\..\third_party\freetype\src\base\ftdebug.c">
      <Filter>Source Files\base</Filter>
    </ClCompile>
    <ClCompile Include="..\..\third_party\freetype\src\gzip\ftgzip.c">
      <Filter>Source Files\gzip</Filter>
    </ClCompile>
    <ClCompile Include="..\..\third_party\freetype\src\lzw\ftlzw.c">
      <Filter>Source Files\lzw</Filter>
    </ClCompile>
    <ClCompile Include="..\..\third_party\freetype\src\lzw\ftzopen.c">
      <Filter>Source Files\lzw</Filter>
    </ClCompile>
    <ClCompile Include="..\..\third_party\freetype\src\pcf\pcf.c">
      <Filter>Source Files\pcf</Filter>
    </ClCompile>
    <ClCompile Include="..\..\third_party\freetype\src\pcf\pcfdrivr.c">
      <Filter>Source Files\pcf</Filter>
    </ClCompile>
    <ClCompile Include="..\..\third_party\freetype\src\pcf\pcfread.c">
      <Filter>Source Files\pcf</Filter>
    </ClCompile>
    <ClCompile Include="..\..\third_party\freetype\src\pcf\pcfutil.c">
      <Filter>Source Files\pcf</Filter>
    </ClCompile>
    <ClCompile Include="..\..\third_party\freetype\src\pfr\pfr.c">
      <Filter>Source Files\pfr</Filter>
    </ClCompile>
    <ClCompile Include="..\..\third_party\freetype\src\pfr\pfrcmap.c">
      <Filter>Source Files\pfr</Filter>
    </ClCompile>
    <ClCompile Include="..\..\third_party\freetype\src\pfr\pfrdrivr.c">
      <Filter>Source Files\pfr</Filter>
    </ClCompile>
    <ClCompile Include="..\..\third_party\freetype\src\pfr\pfrgload.c">
      <Filter>Source Files\pfr</Filter>
    </ClCompile>
    <ClCompile Include="..\..\third_party\freetype\src\pfr\pfrload.c">
      <Filter>Source Files\pfr</Filter>
    </ClCompile>
    <ClCompile Include="..\..\third_party\freetype\src\pfr\pfrobjs.c">
      <Filter>Source Files\pfr</Filter>
    </ClCompile>
    <ClCompile Include="..\..\third_party\freetype\src\pfr\pfrsbit.c">
      <Filter>Source Files\pfr</Filter>
    </ClCompile>
    <ClCompile Include="..\..\third_party\freetype\src\psaux\afmparse.c">
      <Filter>Source Files\psaux</Filter>
    </ClCompile>
    <ClCompile Include="..\..\third_party\freetype\src\psaux\cffdecode.c">
      <Filter>Source Files\psaux</Filter>
    </ClCompile>
    <ClCompile Include="..\..\third_party\freetype\src\psaux\psarrst.c">
      <Filter>Source Files\psaux</Filter>
    </ClCompile>
    <ClCompile Include="..\..\third_party\freetype\src\psaux\psaux.c">
      <Filter>Source Files\psaux</Filter>
    </ClCompile>
    <ClCompile Include="..\..\third_party\freetype\src\psaux\psauxmod.c">
      <Filter>Source Files\psaux</Filter>
    </ClCompile>
    <ClCompile Include="..\..\third_party\freetype\src\psaux\psblues.c">
      <Filter>Source Files\psaux</Filter>
    </ClCompile>
    <ClCompile Include="..\..\third_party\freetype\src\psaux\psconv.c">
      <Filter>Source Files\psaux</Filter>
    </ClCompile>
    <ClCompile Include="..\..\third_party\freetype\src\psaux\pserror.c">
      <Filter>Source Files\psaux</Filter>
    </ClCompile>
    <ClCompile Include="..\..\third_party\freetype\src\psaux\psfont.c">
      <Filter>Source Files\psaux</Filter>
    </ClCompile>
    <ClCompile Include="..\..\third_party\freetype\src\psaux\psft.c">
      <Filter>Source Files\psaux</Filter>
    </ClCompile>
    <ClCompile Include="..\..\third_party\freetype\src\psaux\pshints.c">
      <Filter>Source Files\psaux</Filter>
    </ClCompile>
    <ClCompile Include="..\..\third_party\freetype\src\psaux\psintrp.c">
      <Filter>Source Files\psaux</Filter>
    </ClCompile>
    <ClCompile Include="..\..\third_party\freetype\src\psaux\psobjs.c">
      <Filter>Source Files\psaux</Filter>
    </ClCompile>
    <ClCompile Include="..\..\third_party\freetype\src\psaux\psread.c">
      <Filter>Source Files\psaux</Filter>
    </ClCompile>
    <ClCompile Include="..\..\third_party\freetype\src\psaux\psstack.c">
      <Filter>Source Files\psaux</Filter>
    </ClCompile>
    <ClCompile Include="..\..\third_party\freetype\src\psaux\t1cmap.c">
      <Filter>Source Files\psaux</Filter>
    </ClCompile>
    <ClCompile Include="..\..\third_party\freetype\src\psaux\t1decode.c">
      <Filter>Source Files\psaux</Filter>
    </ClCompile>
    <ClCompile Include="..\..\third_party\freetype\src\pshinter\pshalgo.c">
      <Filter>Source Files\pshinter</Filter>
    </ClCompile>
    <ClCompile Include="..\..\third_party\freetype\src\pshinter\pshglob.c">
      <Filter>Source Files\pshinter</Filter>
    </ClCompile>
    <ClCompile Include="..\..\third_party\freetype\src\pshinter\pshinter.c">
      <Filter>Source Files\pshinter</Filter>
    </ClCompile>
    <ClCompile Include="..\..\third_party\freetype\src\pshinter\pshmod.c">
      <Filter>Source Files\pshinter</Filter>
    </ClCompile>
    <ClCompile Include="..\..\third_party\freetype\src\pshinter\pshrec.c">
      <Filter>Source Files\pshinter</Filter>
    </ClCompile>
    <ClCompile Include="..\..\third_party\freetype\src\psnames\psmodule.c">
      <Filter>Source Files\psnames</Filter>
    </ClCompile>
    <ClCompile Include="..\..\third_party\freetype\src\psnames\psnames.c">
      <Filter>Source Files\psnames</Filter>
    </ClCompile>
    <ClCompile Include="..\..\third_party\freetype\src\raster\ftraster.c">
      <Filter>Source Files\raster</Filter>
    </ClCompile>
    <ClCompile Include="..\..\third_party\freetype\src\raster\ftrend1.c">
      <Filter>Source Files\raster</Filter>
    </ClCompile>
    <ClCompile Include="..\..\third_party\freetype\src\raster\raster.c">
      <Filter>Source Files\raster</Filter>
    </ClCompile>
    <ClCompile Include="..\..\third_party\freetype\src\sfnt\pngshim.c">
      <Filter>Source Files\sfnt</Filter>
    </ClCompile>
    <ClCompile Include="..\..\third_party\freetype\src\sfnt\sfdriver.c">
      <Filter>Source Files\sfnt</Filter>
    </ClCompile>
    <ClCompile Include="..\..\third_party\freetype\src\sfnt\sfnt.c">
      <Filter>Source Files\sfnt</Filter>
    </ClCompile>
    <ClCompile Include="..\..\third_party\freetype\src\sfnt\sfobjs.c">
      <Filter>Source Files\sfnt</Filter>
    </ClCompile>
    <ClCompile Include="..\..\third_party\freetype\src\sfnt\sfwoff.c">
      <Filter>Source Files\sfnt</Filter>
    </ClCompile>
    <ClCompile Include="..\..\third_party\freetype\src\sfnt\sfwoff2.c">
      <Filter>Source Files\sfnt</Filter>
    </ClCompile>
    <ClCompile Include="..\..\third_party\freetype\src\sfnt\ttbdf.c">
      <Filter>Source Files\sfnt</Filter>
    </ClCompile>
    <ClCompile Include="..\..\third_party\freetype\src\sfnt\ttcmap.c">
      <Filter>Source Files\sfnt</Filter>
    </ClCompile>
    <ClCompile Include="..\..\third_party\freetype\src\sfnt\ttcolr.c">
      <Filter>Source Files\sfnt</Filter>
    </ClCompile>
    <ClCompile Include="..\..\third_party\freetype\src\sfnt\ttcpal.c">
      <Filter>Source Files\sfnt</Filter>
    </ClCompile>
    <ClCompile Include="..\..\third_party\freetype\src\sfnt\ttkern.c">
      <Filter>Source Files\sfnt</Filter>
    </ClCompile>
    <ClCompile Include="..\..\third_party\freetype\src\sfnt\ttload.c">
      <Filter>Source Files\sfnt</Filter>
    </ClCompile>
    <ClCompile Include="..\..\third_party\freetype\src\sfnt\ttmtx.c">
      <Filter>Source Files\sfnt</Filter>
    </ClCompile>
    <ClCompile Include="..\..\third_party\freetype\src\sfnt\ttpost.c">
      <Filter>Source Files\sfnt</Filter>
    </ClCompile>
    <ClCompile Include="..\..\third_party\freetype\src\sfnt\ttsbit.c">
      <Filter>Source Files\sfnt</Filter>
    </ClCompile>
    <ClCompile Include="..\..\third_party\freetype\src\sfnt\woff2tags.c">
      <Filter>Source Files\sfnt</Filter>
    </ClCompile>
    <ClCompile Include="..\..\third_party\freetype\src\smooth\ftsmooth.c">
      <Filter>Source Files\smooth</Filter>
    </ClCompile>
    <ClCompile Include="..\..\third_party\freetype\src\smooth\ftgrays.c">
      <Filter>Source Files\smooth</Filter>
    </ClCompile>
    <ClCompile Include="..\..\third_party\freetype\src\smooth\smooth.c">
      <Filter>Source Files\smooth</Filter>
    </ClCompile>
    <ClCompile Include="..\..\third_party\freetype\src\truetype\truetype.c">
      <Filter>Source Files\truetype</Filter>
    </ClCompile>
    <ClCompile Include="..\..\third_party\freetype\src\truetype\ttdriver.c">
      <Filter>Source Files\truetype</Filter>
    </ClCompile>
    <ClCompile Include="..\..\third_party\freetype\src\truetype\ttgload.c">
      <Filter>Source Files\truetype</Filter>
    </ClCompile>
    <ClCompile Include="..\..\third_party\freetype\src\truetype\ttgxvar.c">
      <Filter>Source Files\truetype</Filter>
    </ClCompile>
    <ClCompile Include="..\..\third_party\freetype\src\truetype\ttinterp.c">
      <Filter>Source Files\truetype</Filter>
    </ClCompile>
    <ClCompile Include="..\..\third_party\freetype\src\truetype\ttobjs.c">
      <Filter>Source Files\truetype</Filter>
    </ClCompile>
    <ClCompile Include="..\..\third_party\freetype\src\truetype\ttpload.c">
      <Filter>Source Files\truetype</Filter>
    </ClCompile>
    <ClCompile Include="..\..\third_party\freetype\src\truetype\ttsubpix.c">
      <Filter>Source Files\truetype</Filter>
    </ClCompile>
    <ClCompile Include="..\..\third_party\freetype\src\type1\t1parse.c">
      <Filter>Source Files\type1</Filter>
    </ClCompile>
    <ClCompile Include="..\..\third_party\freetype\src\type1\t1afm.c">
      <Filter>Source Files\type1</Filter>
    </ClCompile>
    <ClCompile Include="..\..\third_party\freetype\src\type1\t1driver.c">
      <Filter>Source Files\type1</Filter>
    </ClCompile>
    <ClCompile Include="..\..\third_party\freetype\src\type1\t1gload.c">
      <Filter>Source Files\type1</Filter>
    </ClCompile>
    <ClCompile Include="..\..\third_party\freetype\src\type1\t1load.c">
      <Filter>Source Files\type1</Filter>
    </ClCompile>
    <ClCompile Include="..\..\third_party\freetype\src\type1\t1objs.c">
      <Filter>Source Files\type1</Filter>
    </ClCompile>
    <ClCompile Include="..\..\third_party\freetype\src\type1\type1.c">
      <Filter>Source Files\type1</Filter>
    </ClCompile>
    <ClCompile Include="..\..\third_party\freetype\src\cid\cidgload.c">
      <Filter>Source Files\cid</Filter>
    </ClCompile>
    <ClCompile Include="..\..\third_party\freetype\src\cid\cidload.c">
      <Filter>Source Files\cid</Filter>
    </ClCompile>
    <ClCompile Include="..\..\third_party\freetype\src\cid\cidobjs.c">
      <Filter>Source Files\cid</Filter>
    </ClCompile>
    <ClCompile Include="..\..\third_party\freetype\src\cid\cidparse.c">
      <Filter>Source Files\cid</Filter>
    </ClCompile>
    <ClCompile Include="..\..\third_party\freetype\src\cid\cidriver.c">
      <Filter>Source Files\cid</Filter>
    </ClCompile>
    <ClCompile Include="..\..\third_party\freetype\src\cid\type1cid.c">
      <Filter>Source Files\cid</Filter>
    </ClCompile>
    <ClCompile Include="..\..\third_party\freetype\src\type42\t42drivr.c">
      <Filter>Source Files\type42</Filter>
    </ClCompile>
    <ClCompile Include="..\..\third_party\freetype\src\type42\t42objs.c">
      <Filter>Source Files\type42</Filter>
    </ClCompile>
    <ClCompile Include="..\..\third_party\freetype\src\type42\t42parse.c">
      <Filter>Source Files\type42</Filter>
    </ClCompile>
    <ClCompile Include="..\..\third_party\freetype\src\type42\type42.c">
      <Filter>Source Files\type42</Filter>
    </ClCompile>
  </ItemGroup>
  <ItemGroup>
    <ClInclude Include="..\..\third_party\freetype\src\autofit\afangles.h">
      <Filter>Header Files\autofit</Filter>
    </ClInclude>
    <ClInclude Include="..\..\third_party\freetype\src\autofit\afblue.h">
      <Filter>Header Files\autofit</Filter>
    </ClInclude>
    <ClInclude Include="..\..\third_party\freetype\src\autofit\afcjk.h">
      <Filter>Header Files\autofit</Filter>
    </ClInclude>
    <ClInclude Include="..\..\third_party\freetype\src\autofit\afcover.h">
      <Filter>Header Files\autofit</Filter>
    </ClInclude>
    <ClInclude Include="..\..\third_party\freetype\src\autofit\afdummy.h">
      <Filter>Header Files\autofit</Filter>
    </ClInclude>
    <ClInclude Include="..\..\third_party\freetype\src\autofit\aferrors.h">
      <Filter>Header Files\autofit</Filter>
    </ClInclude>
    <ClInclude Include="..\..\third_party\freetype\src\autofit\afglobal.h">
      <Filter>Header Files\autofit</Filter>
    </ClInclude>
    <ClInclude Include="..\..\third_party\freetype\src\autofit\afhints.h">
      <Filter>Header Files\autofit</Filter>
    </ClInclude>
    <ClInclude Include="..\..\third_party\freetype\src\autofit\afindic.h">
      <Filter>Header Files\autofit</Filter>
    </ClInclude>
    <ClInclude Include="..\..\third_party\freetype\src\autofit\aflatin.h">
      <Filter>Header Files\autofit</Filter>
    </ClInclude>
    <ClInclude Include="..\..\third_party\freetype\src\autofit\aflatin2.h">
      <Filter>Header Files\autofit</Filter>
    </ClInclude>
    <ClInclude Include="..\..\third_party\freetype\src\autofit\afloader.h">
      <Filter>Header Files\autofit</Filter>
    </ClInclude>
    <ClInclude Include="..\..\third_party\freetype\src\autofit\afmodule.h">
      <Filter>Header Files\autofit</Filter>
    </ClInclude>
    <ClInclude Include="..\..\third_party\freetype\src\autofit\afranges.h">
      <Filter>Header Files\autofit</Filter>
    </ClInclude>
    <ClInclude Include="..\..\third_party\freetype\src\autofit\afscript.h">
      <Filter>Header Files\autofit</Filter>
    </ClInclude>
    <ClInclude Include="..\..\third_party\freetype\src\autofit\afshaper.h">
      <Filter>Header Files\autofit</Filter>
    </ClInclude>
    <ClInclude Include="..\..\third_party\freetype\src\autofit\afstyles.h">
      <Filter>Header Files\autofit</Filter>
    </ClInclude>
    <ClInclude Include="..\..\third_party\freetype\src\autofit\aftypes.h">
      <Filter>Header Files\autofit</Filter>
    </ClInclude>
    <ClInclude Include="..\..\third_party\freetype\src\autofit\afwarp.h">
      <Filter>Header Files\autofit</Filter>
    </ClInclude>
    <ClInclude Include="..\..\third_party\freetype\src\autofit\afwrtsys.h">
      <Filter>Header Files\autofit</Filter>
    </ClInclude>
    <ClInclude Include="..\..\third_party\freetype\src\bdf\bdf.h">
      <Filter>Header Files\bdf</Filter>
    </ClInclude>
    <ClInclude Include="..\..\third_party\freetype\src\bdf\bdfdrivr.h">
      <Filter>Header Files\bdf</Filter>
    </ClInclude>
    <ClInclude Include="..\..\third_party\freetype\src\bdf\bdferror.h">
      <Filter>Header Files\bdf</Filter>
    </ClInclude>
    <ClInclude Include="..\..\third_party\freetype\src\cff\cffcmap.h">
      <Filter>Header Files\cff</Filter>
    </ClInclude>
    <ClInclude Include="..\..\third_party\freetype\src\cff\cffdrivr.h">
      <Filter>Header Files\cff</Filter>
    </ClInclude>
    <ClInclude Include="..\..\third_party\freetype\src\cff\cfferrs.h">
      <Filter>Header Files\cff</Filter>
    </ClInclude>
    <ClInclude Include="..\..\third_party\freetype\src\cff\cffgload.h">
      <Filter>Header Files\cff</Filter>
    </ClInclude>
    <ClInclude Include="..\..\third_party\freetype\src\cff\cffload.h">
      <Filter>Header Files\cff</Filter>
    </ClInclude>
    <ClInclude Include="..\..\third_party\freetype\src\cff\cffobjs.h">
      <Filter>Header Files\cff</Filter>
    </ClInclude>
    <ClInclude Include="..\..\third_party\freetype\src\cff\cffparse.h">
      <Filter>Header Files\cff</Filter>
    </ClInclude>
    <ClInclude Include="..\..\third_party\freetype\src\cff\cfftoken.h">
      <Filter>Header Files\cff</Filter>
    </ClInclude>
    <ClInclude Include="..\..\third_party\freetype\src\base\ftbase.h">
      <Filter>Header Files\base</Filter>
    </ClInclude>
    <ClInclude Include="..\..\third_party\freetype\src\base\md5.h">
      <Filter>Header Files\base</Filter>
    </ClInclude>
    <ClInclude Include="..\..\third_party\freetype\src\cache\ftccache.h">
      <Filter>Header Files\cache</Filter>
    </ClInclude>
    <ClInclude Include="..\..\third_party\freetype\src\cache\ftccback.h">
      <Filter>Header Files\cache</Filter>
    </ClInclude>
    <ClInclude Include="..\..\third_party\freetype\src\cache\ftcerror.h">
      <Filter>Header Files\cache</Filter>
    </ClInclude>
    <ClInclude Include="..\..\third_party\freetype\src\cache\ftcglyph.h">
      <Filter>Header Files\cache</Filter>
    </ClInclude>
    <ClInclude Include="..\..\third_party\freetype\src\cache\ftcimage.h">
      <Filter>Header Files\cache</Filter>
    </ClInclude>
    <ClInclude Include="..\..\third_party\freetype\src\cache\ftcmanag.h">
      <Filter>Header Files\cache</Filter>
    </ClInclude>
    <ClInclude Include="..\..\third_party\freetype\src\cache\ftcmru.h">
      <Filter>Header Files\cache</Filter>
    </ClInclude>
    <ClInclude Include="..\..\third_party\freetype\src\cache\ftcsbits.h">
      <Filter>Header Files\cache</Filter>
    </ClInclude>
    <ClInclude Include="..\..\third_party\freetype\src\winfonts\winfnt.h">
      <Filter>Header Files\windows</Filter>
    </ClInclude>
    <ClInclude Include="..\..\third_party\freetype\src\winfonts\fnterrs.h">
      <Filter>Header Files\windows</Filter>
    </ClInclude>
    <ClInclude Include="..\..\third_party\freetype\src\lzw\ftzopen.h">
      <Filter>Header Files\lzw</Filter>
    </ClInclude>
    <ClInclude Include="..\..\third_party\freetype\src\pcf\pcf.h">
      <Filter>Header Files\pcf</Filter>
    </ClInclude>
    <ClInclude Include="..\..\third_party\freetype\src\pcf\pcfdrivr.h">
      <Filter>Header Files\pcf</Filter>
    </ClInclude>
    <ClInclude Include="..\..\third_party\freetype\src\pcf\pcferror.h">
      <Filter>Header Files\pcf</Filter>
    </ClInclude>
    <ClInclude Include="..\..\third_party\freetype\src\pcf\pcfread.h">
      <Filter>Header Files\pcf</Filter>
    </ClInclude>
    <ClInclude Include="..\..\third_party\freetype\src\pcf\pcfutil.h">
      <Filter>Header Files\pcf</Filter>
    </ClInclude>
    <ClInclude Include="..\..\third_party\freetype\src\pfr\pfrcmap.h">
      <Filter>Header Files\pfr</Filter>
    </ClInclude>
    <ClInclude Include="..\..\third_party\freetype\src\pfr\pfrtypes.h">
      <Filter>Header Files\pfr</Filter>
    </ClInclude>
    <ClInclude Include="..\..\third_party\freetype\src\pfr\pfrsbit.h">
      <Filter>Header Files\pfr</Filter>
    </ClInclude>
    <ClInclude Include="..\..\third_party\freetype\src\pfr\pfrobjs.h">
      <Filter>Header Files\pfr</Filter>
    </ClInclude>
    <ClInclude Include="..\..\third_party\freetype\src\pfr\pfrload.h">
      <Filter>Header Files\pfr</Filter>
    </ClInclude>
    <ClInclude Include="..\..\third_party\freetype\src\pfr\pfrgload.h">
      <Filter>Header Files\pfr</Filter>
    </ClInclude>
    <ClInclude Include="..\..\third_party\freetype\src\pfr\pfrerror.h">
      <Filter>Header Files\pfr</Filter>
    </ClInclude>
    <ClInclude Include="..\..\third_party\freetype\src\pfr\pfrdrivr.h">
      <Filter>Header Files\pfr</Filter>
    </ClInclude>
    <ClInclude Include="..\..\third_party\freetype\src\psaux\afmparse.h">
      <Filter>Header Files\psaux</Filter>
    </ClInclude>
    <ClInclude Include="..\..\third_party\freetype\src\psaux\cffdecode.h">
      <Filter>Header Files\psaux</Filter>
    </ClInclude>
    <ClInclude Include="..\..\third_party\freetype\src\psaux\psarrst.h">
      <Filter>Header Files\psaux</Filter>
    </ClInclude>
    <ClInclude Include="..\..\third_party\freetype\src\psaux\psauxerr.h">
      <Filter>Header Files\psaux</Filter>
    </ClInclude>
    <ClInclude Include="..\..\third_party\freetype\src\psaux\psauxmod.h">
      <Filter>Header Files\psaux</Filter>
    </ClInclude>
    <ClInclude Include="..\..\third_party\freetype\src\psaux\psblues.h">
      <Filter>Header Files\psaux</Filter>
    </ClInclude>
    <ClInclude Include="..\..\third_party\freetype\src\psaux\psconv.h">
      <Filter>Header Files\psaux</Filter>
    </ClInclude>
    <ClInclude Include="..\..\third_party\freetype\src\psaux\pserror.h">
      <Filter>Header Files\psaux</Filter>
    </ClInclude>
    <ClInclude Include="..\..\third_party\freetype\src\psaux\psfixed.h">
      <Filter>Header Files\psaux</Filter>
    </ClInclude>
    <ClInclude Include="..\..\third_party\freetype\src\psaux\psfont.h">
      <Filter>Header Files\psaux</Filter>
    </ClInclude>
    <ClInclude Include="..\..\third_party\freetype\src\psaux\psft.h">
      <Filter>Header Files\psaux</Filter>
    </ClInclude>
    <ClInclude Include="..\..\third_party\freetype\src\psaux\psglue.h">
      <Filter>Header Files\psaux</Filter>
    </ClInclude>
    <ClInclude Include="..\..\third_party\freetype\src\psaux\pshints.h">
      <Filter>Header Files\psaux</Filter>
    </ClInclude>
    <ClInclude Include="..\..\third_party\freetype\src\psaux\psintrp.h">
      <Filter>Header Files\psaux</Filter>
    </ClInclude>
    <ClInclude Include="..\..\third_party\freetype\src\psaux\psobjs.h">
      <Filter>Header Files\psaux</Filter>
    </ClInclude>
    <ClInclude Include="..\..\third_party\freetype\src\psaux\psread.h">
      <Filter>Header Files\psaux</Filter>
    </ClInclude>
    <ClInclude Include="..\..\third_party\freetype\src\psaux\psstack.h">
      <Filter>Header Files\psaux</Filter>
    </ClInclude>
    <ClInclude Include="..\..\third_party\freetype\src\psaux\pstypes.h">
      <Filter>Header Files\psaux</Filter>
    </ClInclude>
    <ClInclude Include="..\..\third_party\freetype\src\psaux\t1cmap.h">
      <Filter>Header Files\psaux</Filter>
    </ClInclude>
    <ClInclude Include="..\..\third_party\freetype\src\psaux\t1decode.h">
      <Filter>Header Files\psaux</Filter>
    </ClInclude>
    <ClInclude Include="..\..\third_party\freetype\src\pshinter\pshalgo.h">
      <Filter>Header Files\pshinter</Filter>
    </ClInclude>
    <ClInclude Include="..\..\third_party\freetype\src\pshinter\pshglob.h">
      <Filter>Header Files\pshinter</Filter>
    </ClInclude>
    <ClInclude Include="..\..\third_party\freetype\src\pshinter\pshmod.h">
      <Filter>Header Files\pshinter</Filter>
    </ClInclude>
    <ClInclude Include="..\..\third_party\freetype\src\pshinter\pshnterr.h">
      <Filter>Header Files\pshinter</Filter>
    </ClInclude>
    <ClInclude Include="..\..\third_party\freetype\src\pshinter\pshrec.h">
      <Filter>Header Files\pshinter</Filter>
    </ClInclude>
    <ClInclude Include="..\..\third_party\freetype\src\psnames\psmodule.h">
      <Filter>Header Files\psnames</Filter>
    </ClInclude>
    <ClInclude Include="..\..\third_party\freetype\src\psnames\psnamerr.h">
      <Filter>Header Files\psnames</Filter>
    </ClInclude>
    <ClInclude Include="..\..\third_party\freetype\src\psnames\pstables.h">
      <Filter>Header Files\psnames</Filter>
    </ClInclude>
    <ClInclude Include="..\..\third_party\freetype\src\raster\ftmisc.h">
      <Filter>Header Files\raster</Filter>
    </ClInclude>
    <ClInclude Include="..\..\third_party\freetype\src\raster\ftraster.h">
      <Filter>Header Files\raster</Filter>
    </ClInclude>
    <ClInclude Include="..\..\third_party\freetype\src\raster\ftrend1.h">
      <Filter>Header Files\raster</Filter>
    </ClInclude>
    <ClInclude Include="..\..\third_party\freetype\src\raster\rasterrs.h">
      <Filter>Header Files\raster</Filter>
    </ClInclude>
    <ClInclude Include="..\..\third_party\freetype\src\sfnt\woff2tags.h">
      <Filter>Header Files\sfnt</Filter>
    </ClInclude>
    <ClInclude Include="..\..\third_party\freetype\src\sfnt\ttsbit.h">
      <Filter>Header Files\sfnt</Filter>
    </ClInclude>
    <ClInclude Include="..\..\third_party\freetype\src\sfnt\ttpost.h">
      <Filter>Header Files\sfnt</Filter>
    </ClInclude>
    <ClInclude Include="..\..\third_party\freetype\src\sfnt\ttmtx.h">
      <Filter>Header Files\sfnt</Filter>
    </ClInclude>
    <ClInclude Include="..\..\third_party\freetype\src\sfnt\ttload.h">
      <Filter>Header Files\sfnt</Filter>
    </ClInclude>
    <ClInclude Include="..\..\third_party\freetype\src\sfnt\ttkern.h">
      <Filter>Header Files\sfnt</Filter>
    </ClInclude>
    <ClInclude Include="..\..\third_party\freetype\src\sfnt\ttcpal.h">
      <Filter>Header Files\sfnt</Filter>
    </ClInclude>
    <ClInclude Include="..\..\third_party\freetype\src\sfnt\ttcolr.h">
      <Filter>Header Files\sfnt</Filter>
    </ClInclude>
    <ClInclude Include="..\..\third_party\freetype\src\sfnt\ttcmapc.h">
      <Filter>Header Files\sfnt</Filter>
    </ClInclude>
    <ClInclude Include="..\..\third_party\freetype\src\sfnt\ttcmap.h">
      <Filter>Header Files\sfnt</Filter>
    </ClInclude>
    <ClInclude Include="..\..\third_party\freetype\src\sfnt\ttbdf.h">
      <Filter>Header Files\sfnt</Filter>
    </ClInclude>
    <ClInclude Include="..\..\third_party\freetype\src\sfnt\sfwoff2.h">
      <Filter>Header Files\sfnt</Filter>
    </ClInclude>
    <ClInclude Include="..\..\third_party\freetype\src\sfnt\sfwoff.h">
      <Filter>Header Files\sfnt</Filter>
    </ClInclude>
    <ClInclude Include="..\..\third_party\freetype\src\sfnt\sfobjs.h">
      <Filter>Header Files\sfnt</Filter>
    </ClInclude>
    <ClInclude Include="..\..\third_party\freetype\src\sfnt\sferrors.h">
      <Filter>Header Files\sfnt</Filter>
    </ClInclude>
    <ClInclude Include="..\..\third_party\freetype\src\sfnt\sfdriver.h">
      <Filter>Header Files\sfnt</Filter>
    </ClInclude>
    <ClInclude Include="..\..\third_party\freetype\src\sfnt\pngshim.h">
      <Filter>Header Files\sfnt</Filter>
    </ClInclude>
    <ClInclude Include="..\..\third_party\freetype\src\smooth\ftgrays.h">
      <Filter>Header Files\smooth</Filter>
    </ClInclude>
    <ClInclude Include="..\..\third_party\freetype\src\smooth\ftsmerrs.h">
      <Filter>Header Files\smooth</Filter>
    </ClInclude>
    <ClInclude Include="..\..\third_party\freetype\src\smooth\ftsmooth.h">
      <Filter>Header Files\smooth</Filter>
    </ClInclude>
    <ClInclude Include="..\..\third_party\freetype\src\truetype\ttdriver.h">
      <Filter>Header Files\truetype</Filter>
    </ClInclude>
    <ClInclude Include="..\..\third_party\freetype\src\truetype\tterrors.h">
      <Filter>Header Files\truetype</Filter>
    </ClInclude>
    <ClInclude Include="..\..\third_party\freetype\src\truetype\ttgload.h">
      <Filter>Header Files\truetype</Filter>
    </ClInclude>
    <ClInclude Include="..\..\third_party\freetype\src\truetype\ttgxvar.h">
      <Filter>Header Files\truetype</Filter>
    </ClInclude>
    <ClInclude Include="..\..\third_party\freetype\src\truetype\ttinterp.h">
      <Filter>Header Files\truetype</Filter>
    </ClInclude>
    <ClInclude Include="..\..\third_party\freetype\src\truetype\ttobjs.h">
      <Filter>Header Files\truetype</Filter>
    </ClInclude>
    <ClInclude Include="..\..\third_party\freetype\src\truetype\ttpload.h">
      <Filter>Header Files\truetype</Filter>
    </ClInclude>
    <ClInclude Include="..\..\third_party\freetype\src\truetype\ttsubpix.h">
      <Filter>Header Files\truetype</Filter>
    </ClInclude>
    <ClInclude Include="..\..\third_party\freetype\src\type1\t1afm.h">
      <Filter>Header Files\type1</Filter>
    </ClInclude>
    <ClInclude Include="..\..\third_party\freetype\src\type1\t1driver.h">
      <Filter>Header Files\type1</Filter>
    </ClInclude>
    <ClInclude Include="..\..\third_party\freetype\src\type1\t1errors.h">
      <Filter>Header Files\type1</Filter>
    </ClInclude>
    <ClInclude Include="..\..\third_party\freetype\src\type1\t1gload.h">
      <Filter>Header Files\type1</Filter>
    </ClInclude>
    <ClInclude Include="..\..\third_party\freetype\src\type1\t1load.h">
      <Filter>Header Files\type1</Filter>
    </ClInclude>
    <ClInclude Include="..\..\third_party\freetype\src\type1\t1objs.h">
      <Filter>Header Files\type1</Filter>
    </ClInclude>
    <ClInclude Include="..\..\third_party\freetype\src\type1\t1parse.h">
      <Filter>Header Files\type1</Filter>
    </ClInclude>
    <ClInclude Include="..\..\third_party\freetype\src\type1\t1tokens.h">
      <Filter>Header Files\type1</Filter>
    </ClInclude>
    <ClInclude Include="..\..\third_party\freetype\src\cid\ciderrs.h">
      <Filter>Header Files\cid</Filter>
    </ClInclude>
    <ClInclude Include="..\..\third_party\freetype\src\cid\cidgload.h">
      <Filter>Header Files\cid</Filter>
    </ClInclude>
    <ClInclude Include="..\..\third_party\freetype\src\cid\cidload.h">
      <Filter>Header Files\cid</Filter>
    </ClInclude>
    <ClInclude Include="..\..\third_party\freetype\src\cid\cidobjs.h">
      <Filter>Header Files\cid</Filter>
    </ClInclude>
    <ClInclude Include="..\..\third_party\freetype\src\cid\cidparse.h">
      <Filter>Header Files\cid</Filter>
    </ClInclude>
    <ClInclude Include="..\..\third_party\freetype\src\cid\cidriver.h">
      <Filter>Header Files\cid</Filter>
    </ClInclude>
    <ClInclude Include="..\..\third_party\freetype\src\cid\cidtoken.h">
      <Filter>Header Files\cid</Filter>
    </ClInclude>
    <ClInclude Include="..\..\third_party\freetype\src\type42\t42drivr.h">
      <Filter>Header Files\type42</Filter>
    </ClInclude>
    <ClInclude Include="..\..\third_party\freetype\src\type42\t42error.h">
      <Filter>Header Files\type42</Filter>
    </ClInclude>
    <ClInclude Include="..\..\third_party\freetype\src\type42\t42objs.h">
      <Filter>Header Files\type42</Filter>
    </ClInclude>
    <ClInclude Include="..\..\third_party\freetype\src\type42\t42parse.h">
      <Filter>Header Files\type42</Filter>
    </ClInclude>
    <ClInclude Include="..\..\third_party\freetype\src\type42\t42types.h">
      <Filter>Header Files\type42</Filter>
    </ClInclude>
  </ItemGroup>
  <ItemGroup>
    <ResourceCompile Include="..\..\third_party\freetype\src\base\ftver.rc">
      <Filter>Resource Files</Filter>
    </ResourceCompile>
  </ItemGroup>
</Project>