<?xml version="1.0" encoding="utf-8"?>
<Project ToolsVersion="4.0" xmlns="http://schemas.microsoft.com/developer/msbuild/2003">
  <ItemGroup>
    <ClCompile Include="..\..\src\core\binloader.cc" />
    <ClCompile Include="..\..\src\core\callstacks.cc" />
    <ClCompile Include="..\..\src\core\cdriso.cc" />
    <ClCompile Include="..\..\src\core\cdrom.cc" />
    <ClCompile Include="..\..\src\core\cheat.cc" />
    <ClCompile Include="..\..\src\core\debug.cc" />
    <ClCompile Include="..\..\src\core\decode_xa.cc" />
    <ClCompile Include="..\..\src\core\disr3000a.cc" />
    <ClCompile Include="..\..\src\core\DynaRec_x64\instructions.cc" />
    <ClCompile Include="..\..\src\core\DynaRec_x64\profiler.cc" />
    <ClCompile Include="..\..\src\core\DynaRec_x64\recompiler.cc" />
    <ClCompile Include="..\..\src\core\DynaRec_x64\regAllocation.cc" />
    <ClCompile Include="..\..\src\core\DynaRec_x64\symbols.cc" />
    <ClCompile Include="..\..\src\core\DynaRec_x64\gte_x64.cc" />
    <ClCompile Include="..\..\src\core\elfloader.cc" />
    <ClCompile Include="..\..\src\core\gdb-server.cc" />
    <ClCompile Include="..\..\src\core\gpu.cc" />
    <ClCompile Include="..\..\src\core\gte.cc" />
    <ClCompile Include="..\..\src\core\ix86\iR3000A.cc" />
    <ClCompile Include="..\..\src\core\kernel.cc" />
    <ClCompile Include="..\..\src\core\kernellog.cc" />
    <ClCompile Include="..\..\src\core\mdec.cc" />
    <ClCompile Include="..\..\src\core\misc.cc" />
    <ClCompile Include="..\..\src\core\pad.cc" />
    <ClCompile Include="..\..\src\core\pcsxlua.cc" />
    <ClCompile Include="..\..\src\core\pgxp_cpu.cc" />
    <ClCompile Include="..\..\src\core\pgxp_debug.cc" />
    <ClCompile Include="..\..\src\core\pgxp_gte.cc" />
    <ClCompile Include="..\..\src\core\pgxp_mem.cc" />
    <ClCompile Include="..\..\src\core\pgxp_value.cc" />
    <ClCompile Include="..\..\src\core\ppf.cc" />
    <ClCompile Include="..\..\src\core\psxemulator.cc" />
    <ClCompile Include="..\..\src\core\psxcounters.cc" />
    <ClCompile Include="..\..\src\core\psxdma.cc" />
    <ClCompile Include="..\..\src\core\psxhw.cc" />
    <ClCompile Include="..\..\src\core\psxinterpreter.cc" />
    <ClCompile Include="..\..\src\core\psxmem.cc" />
    <ClCompile Include="..\..\src\core\r3000a.cc" />
    <ClCompile Include="..\..\src\core\sio.cc" />
    <ClCompile Include="..\..\src\core\sio1-server.cc" />
    <ClCompile Include="..\..\src\core\spu.cc" />
    <ClCompile Include="..\..\src\core\sstate.cc" />
    <ClCompile Include="..\..\src\core\stacktrace.cc" />
    <ClCompile Include="..\..\src\core\system.cc" />
    <ClCompile Include="..\..\src\core\web-server.cc" />
    <ClCompile Include="..\..\src\core\sio1.cc" />
  </ItemGroup>
  <ItemGroup>
    <ClInclude Include="..\..\src\core\binloader.h" />
    <ClInclude Include="..\..\src\core\callstacks.h" />
    <ClInclude Include="..\..\src\core\cdriso.h" />
    <ClInclude Include="..\..\src\core\cdrom.h" />
    <ClInclude Include="..\..\src\core\cheat.h" />
    <ClInclude Include="..\..\src\core\coff.h" />
    <ClInclude Include="..\..\src\core\debug.h" />
    <ClInclude Include="..\..\src\core\decode_xa.h" />
    <ClInclude Include="..\..\src\core\disr3000a.h" />
    <ClInclude Include="..\..\src\core\DynaRec_x64\emitter.h" />
    <ClInclude Include="..\..\src\core\DynaRec_x64\profiler.h" />
    <ClInclude Include="..\..\src\core\DynaRec_x64\recompiler.h" />
    <ClInclude Include="..\..\src\core\DynaRec_x64\regAllocation.h" />
    <ClInclude Include="..\..\src\core\elfloader.h" />
    <ClInclude Include="..\..\src\core\gdb-server.h" />
    <ClInclude Include="..\..\src\core\gpu.h" />
    <ClInclude Include="..\..\src\core\gte.h" />
    <ClInclude Include="..\..\src\core\kernel.h" />
    <ClInclude Include="..\..\src\core\logger.h" />
    <ClInclude Include="..\..\src\core\mdec.h" />
    <ClInclude Include="..\..\src\core\misc.h" />
    <ClInclude Include="..\..\src\core\pad.h" />
    <ClInclude Include="..\..\src\core\pcsxlua.h" />
    <ClInclude Include="..\..\src\core\pgxp_cpu.h" />
    <ClInclude Include="..\..\src\core\pgxp_debug.h" />
    <ClInclude Include="..\..\src\core\pgxp_gte.h" />
    <ClInclude Include="..\..\src\core\pgxp_mem.h" />
    <ClInclude Include="..\..\src\core\pgxp_value.h" />
    <ClInclude Include="..\..\src\core\ppf.h" />
    <ClInclude Include="..\..\src\core\psxemulator.h" />
    <ClInclude Include="..\..\src\core\psxcounters.h" />
    <ClInclude Include="..\..\src\core\psxdma.h" />
    <ClInclude Include="..\..\src\core\psxhw.h" />
    <ClInclude Include="..\..\src\core\psxmem.h" />
    <ClInclude Include="..\..\src\core\r3000a.h" />
    <ClInclude Include="..\..\src\core\sio.h" />
    <ClInclude Include="..\..\src\core\sio1.h" />
    <ClInclude Include="..\..\src\core\sio1-server.h" />
    <ClInclude Include="..\..\src\core\spu.h" />
    <ClInclude Include="..\..\src\core\sstate.h" />
    <ClInclude Include="..\..\src\core\stacktrace.h" />
    <ClInclude Include="..\..\src\core\system.h" />
    <ClInclude Include="..\..\src\core\web-server.h" />
    <ClInclude Include="..\..\src\mips\common\util\encoder.hh" />
  </ItemGroup>
  <ItemGroup>
    <None Include="..\..\src\core\pcsxffi.lua" />
    <None Include="packages.config" />
  </ItemGroup>
</Project>