
Microsoft Visual Studio Solution File, Format Version 12.00
# Visual Studio Version 16
VisualStudioVersion = 16.0.28803.352
MinimumVisualStudioVersion = 10.0.40219.1
Project("{8BC9CEB8-8B4A-11D0-8D11-00A0C91BC942}") = "main", "pcsx-redux\pcsx-redux.vcxproj", "{36D6F879-F4CB-477E-BB87-33D867EDDB0A}"
EndProject
Project("{2150E333-8FDC-42A3-9474-1A3956D46DE8}") = "third_party", "third_party", "{64A05F50-3203-42CC-B632-09D6EE6EA856}"
EndProject
Project("{8BC9CEB8-8B4A-11D0-8D11-00A0C91BC942}") = "zlib", "zlib\zlib.vcxproj", "{3125E078-7261-48C4-803E-4B29CEEAA56B}"
EndProject
Project("{2150E333-8FDC-42A3-9474-1A3956D46DE8}") = "pcsx-redux", "pcsx-redux", "{008A2872-432F-480B-828D-FF9AAA4846BC}"
EndProject
Project("{8BC9CEB8-8B4A-11D0-8D11-00A0C91BC942}") = "core", "core\core.vcxproj", "{9372D878-F76C-418B-8E2A-8E9896FF575B}"
EndProject
Project("{2150E333-8FDC-42A3-9474-1A3956D46DE8}") = "Solution Items", "Solution Items", "{A41EB6E5-153D-42EF-A61C-0D918DDE2891}"
	ProjectSection(SolutionItems) = preProject
		..\src\.clang-format = ..\src\.clang-format
		..\src\.editorconfig = ..\src\.editorconfig
	EndProjectSection
EndProject
Project("{2150E333-8FDC-42A3-9474-1A3956D46DE8}") = "GPU", "GPU", "{60F01E36-B838-4AA0-8057-8324E0E39526}"
EndProject
Project("{8BC9CEB8-8B4A-11D0-8D11-00A0C91BC942}") = "SDL2main", "SDLmain\SDLmain.vcxproj", "{DA956FD3-E142-46F2-9DD5-C78BEBB56B7A}"
EndProject
Project("{8BC9CEB8-8B4A-11D0-8D11-00A0C91BC942}") = "SDL2", "SDL\SDL.vcxproj", "{81CE8DAF-EBB2-4761-8E45-B71ABCCA8C68}"
EndProject
Project("{8BC9CEB8-8B4A-11D0-8D11-00A0C91BC942}") = "imgui-glfw-ogl3", "imgui-glfw-ogl3\imgui-glfw-ogl3.vcxproj", "{B86F9380-6228-4B11-87AD-29FDABF95ABB}"
EndProject
Project("{8BC9CEB8-8B4A-11D0-8D11-00A0C91BC942}") = "gui", "gui\gui.vcxproj", "{6EC7FDF3-1418-40BD-8584-1EEA34AC3E3E}"
EndProject
Project("{8BC9CEB8-8B4A-11D0-8D11-00A0C91BC942}") = "soft", "soft\soft.vcxproj", "{660A9963-15E0-4B91-A5CF-BED493E862EC}"
EndProject
Project("{8BC9CEB8-8B4A-11D0-8D11-00A0C91BC942}") = "SPU", "SPU\SPU.vcxproj", "{BF968FD3-EF46-45AF-B74E-46A41A96276F}"
EndProject
Project("{8BC9CEB8-8B4A-11D0-8D11-00A0C91BC942}") = "ImGuiColorTextEdit", "ImGuiColorTextEdit\ImGuiColorTextEdit.vcxproj", "{CBF9B825-F140-4A02-8A3F-059103D6CA90}"
EndProject
Project("{8BC9CEB8-8B4A-11D0-8D11-00A0C91BC942}") = "libuv", "libuv\libuv.vcxproj", "{4B88E4F6-56B3-4F66-BEE8-0A4A21937BEE}"
EndProject
Project("{8BC9CEB8-8B4A-11D0-8D11-00A0C91BC942}") = "ftdi", "ftdi\ftdi.vcxproj", "{832D8D53-3EE4-43D7-B5DF-48B249CE0709}"
EndProject
Project("{8BC9CEB8-8B4A-11D0-8D11-00A0C91BC942}") = "support", "support\support.vcxproj", "{70340FF5-B49D-453F-A4F0-75EFB08E0DF0}"
EndProject
Global
	GlobalSection(SolutionConfigurationPlatforms) = preSolution
		Debug|x64 = Debug|x64
		Debug|x86 = Debug|x86
		Release|x64 = Release|x64
		Release|x86 = Release|x86
	EndGlobalSection
	GlobalSection(ProjectConfigurationPlatforms) = postSolution
		{36D6F879-F4CB-477E-BB87-33D867EDDB0A}.Debug|x64.ActiveCfg = Debug|x64
		{36D6F879-F4CB-477E-BB87-33D867EDDB0A}.Debug|x64.Build.0 = Debug|x64
		{36D6F879-F4CB-477E-BB87-33D867EDDB0A}.Debug|x86.ActiveCfg = Debug|Win32
		{36D6F879-F4CB-477E-BB87-33D867EDDB0A}.Debug|x86.Build.0 = Debug|Win32
		{36D6F879-F4CB-477E-BB87-33D867EDDB0A}.Release|x64.ActiveCfg = Release|x64
		{36D6F879-F4CB-477E-BB87-33D867EDDB0A}.Release|x64.Build.0 = Release|x64
		{36D6F879-F4CB-477E-BB87-33D867EDDB0A}.Release|x86.ActiveCfg = Release|Win32
		{36D6F879-F4CB-477E-BB87-33D867EDDB0A}.Release|x86.Build.0 = Release|Win32
		{3125E078-7261-48C4-803E-4B29CEEAA56B}.Debug|x64.ActiveCfg = Debug|x64
		{3125E078-7261-48C4-803E-4B29CEEAA56B}.Debug|x64.Build.0 = Debug|x64
		{3125E078-7261-48C4-803E-4B29CEEAA56B}.Debug|x86.ActiveCfg = Debug|Win32
		{3125E078-7261-48C4-803E-4B29CEEAA56B}.Debug|x86.Build.0 = Debug|Win32
		{3125E078-7261-48C4-803E-4B29CEEAA56B}.Release|x64.ActiveCfg = Release|x64
		{3125E078-7261-48C4-803E-4B29CEEAA56B}.Release|x64.Build.0 = Release|x64
		{3125E078-7261-48C4-803E-4B29CEEAA56B}.Release|x86.ActiveCfg = Release|Win32
		{3125E078-7261-48C4-803E-4B29CEEAA56B}.Release|x86.Build.0 = Release|Win32
		{9372D878-F76C-418B-8E2A-8E9896FF575B}.Debug|x64.ActiveCfg = Debug|x64
		{9372D878-F76C-418B-8E2A-8E9896FF575B}.Debug|x64.Build.0 = Debug|x64
		{9372D878-F76C-418B-8E2A-8E9896FF575B}.Debug|x86.ActiveCfg = Debug|Win32
		{9372D878-F76C-418B-8E2A-8E9896FF575B}.Debug|x86.Build.0 = Debug|Win32
		{9372D878-F76C-418B-8E2A-8E9896FF575B}.Release|x64.ActiveCfg = Release|x64
		{9372D878-F76C-418B-8E2A-8E9896FF575B}.Release|x64.Build.0 = Release|x64
		{9372D878-F76C-418B-8E2A-8E9896FF575B}.Release|x86.ActiveCfg = Release|Win32
		{9372D878-F76C-418B-8E2A-8E9896FF575B}.Release|x86.Build.0 = Release|Win32
		{DA956FD3-E142-46F2-9DD5-C78BEBB56B7A}.Debug|x64.ActiveCfg = Debug|x64
		{DA956FD3-E142-46F2-9DD5-C78BEBB56B7A}.Debug|x64.Build.0 = Debug|x64
		{DA956FD3-E142-46F2-9DD5-C78BEBB56B7A}.Debug|x86.ActiveCfg = Debug|Win32
		{DA956FD3-E142-46F2-9DD5-C78BEBB56B7A}.Debug|x86.Build.0 = Debug|Win32
		{DA956FD3-E142-46F2-9DD5-C78BEBB56B7A}.Release|x64.ActiveCfg = Release|x64
		{DA956FD3-E142-46F2-9DD5-C78BEBB56B7A}.Release|x64.Build.0 = Release|x64
		{DA956FD3-E142-46F2-9DD5-C78BEBB56B7A}.Release|x86.ActiveCfg = Release|Win32
		{DA956FD3-E142-46F2-9DD5-C78BEBB56B7A}.Release|x86.Build.0 = Release|Win32
		{81CE8DAF-EBB2-4761-8E45-B71ABCCA8C68}.Debug|x64.ActiveCfg = Debug|x64
		{81CE8DAF-EBB2-4761-8E45-B71ABCCA8C68}.Debug|x64.Build.0 = Debug|x64
		{81CE8DAF-EBB2-4761-8E45-B71ABCCA8C68}.Debug|x86.ActiveCfg = Debug|Win32
		{81CE8DAF-EBB2-4761-8E45-B71ABCCA8C68}.Debug|x86.Build.0 = Debug|Win32
		{81CE8DAF-EBB2-4761-8E45-B71ABCCA8C68}.Release|x64.ActiveCfg = Release|x64
		{81CE8DAF-EBB2-4761-8E45-B71ABCCA8C68}.Release|x64.Build.0 = Release|x64
		{81CE8DAF-EBB2-4761-8E45-B71ABCCA8C68}.Release|x86.ActiveCfg = Release|Win32
		{81CE8DAF-EBB2-4761-8E45-B71ABCCA8C68}.Release|x86.Build.0 = Release|Win32
		{B86F9380-6228-4B11-87AD-29FDABF95ABB}.Debug|x64.ActiveCfg = Debug|x64
		{B86F9380-6228-4B11-87AD-29FDABF95ABB}.Debug|x64.Build.0 = Debug|x64
		{B86F9380-6228-4B11-87AD-29FDABF95ABB}.Debug|x86.ActiveCfg = Debug|Win32
		{B86F9380-6228-4B11-87AD-29FDABF95ABB}.Debug|x86.Build.0 = Debug|Win32
		{B86F9380-6228-4B11-87AD-29FDABF95ABB}.Release|x64.ActiveCfg = Release|x64
		{B86F9380-6228-4B11-87AD-29FDABF95ABB}.Release|x64.Build.0 = Release|x64
		{B86F9380-6228-4B11-87AD-29FDABF95ABB}.Release|x86.ActiveCfg = Release|Win32
		{B86F9380-6228-4B11-87AD-29FDABF95ABB}.Release|x86.Build.0 = Release|Win32
		{6EC7FDF3-1418-40BD-8584-1EEA34AC3E3E}.Debug|x64.ActiveCfg = Debug|x64
		{6EC7FDF3-1418-40BD-8584-1EEA34AC3E3E}.Debug|x64.Build.0 = Debug|x64
		{6EC7FDF3-1418-40BD-8584-1EEA34AC3E3E}.Debug|x86.ActiveCfg = Debug|Win32
		{6EC7FDF3-1418-40BD-8584-1EEA34AC3E3E}.Debug|x86.Build.0 = Debug|Win32
		{6EC7FDF3-1418-40BD-8584-1EEA34AC3E3E}.Release|x64.ActiveCfg = Release|x64
		{6EC7FDF3-1418-40BD-8584-1EEA34AC3E3E}.Release|x64.Build.0 = Release|x64
		{6EC7FDF3-1418-40BD-8584-1EEA34AC3E3E}.Release|x86.ActiveCfg = Release|Win32
		{6EC7FDF3-1418-40BD-8584-1EEA34AC3E3E}.Release|x86.Build.0 = Release|Win32
		{660A9963-15E0-4B91-A5CF-BED493E862EC}.Debug|x64.ActiveCfg = Debug|x64
		{660A9963-15E0-4B91-A5CF-BED493E862EC}.Debug|x64.Build.0 = Debug|x64
		{660A9963-15E0-4B91-A5CF-BED493E862EC}.Debug|x86.ActiveCfg = Debug|Win32
		{660A9963-15E0-4B91-A5CF-BED493E862EC}.Debug|x86.Build.0 = Debug|Win32
		{660A9963-15E0-4B91-A5CF-BED493E862EC}.Release|x64.ActiveCfg = Release|x64
		{660A9963-15E0-4B91-A5CF-BED493E862EC}.Release|x64.Build.0 = Release|x64
		{660A9963-15E0-4B91-A5CF-BED493E862EC}.Release|x86.ActiveCfg = Release|Win32
		{660A9963-15E0-4B91-A5CF-BED493E862EC}.Release|x86.Build.0 = Release|Win32
		{BF968FD3-EF46-45AF-B74E-46A41A96276F}.Debug|x64.ActiveCfg = Debug|x64
		{BF968FD3-EF46-45AF-B74E-46A41A96276F}.Debug|x64.Build.0 = Debug|x64
		{BF968FD3-EF46-45AF-B74E-46A41A96276F}.Debug|x86.ActiveCfg = Debug|Win32
		{BF968FD3-EF46-45AF-B74E-46A41A96276F}.Debug|x86.Build.0 = Debug|Win32
		{BF968FD3-EF46-45AF-B74E-46A41A96276F}.Release|x64.ActiveCfg = Release|x64
		{BF968FD3-EF46-45AF-B74E-46A41A96276F}.Release|x64.Build.0 = Release|x64
		{BF968FD3-EF46-45AF-B74E-46A41A96276F}.Release|x86.ActiveCfg = Release|Win32
		{BF968FD3-EF46-45AF-B74E-46A41A96276F}.Release|x86.Build.0 = Release|Win32
		{CBF9B825-F140-4A02-8A3F-059103D6CA90}.Debug|x64.ActiveCfg = Debug|x64
		{CBF9B825-F140-4A02-8A3F-059103D6CA90}.Debug|x64.Build.0 = Debug|x64
		{CBF9B825-F140-4A02-8A3F-059103D6CA90}.Debug|x86.ActiveCfg = Debug|Win32
		{CBF9B825-F140-4A02-8A3F-059103D6CA90}.Debug|x86.Build.0 = Debug|Win32
		{CBF9B825-F140-4A02-8A3F-059103D6CA90}.Release|x64.ActiveCfg = Release|x64
		{CBF9B825-F140-4A02-8A3F-059103D6CA90}.Release|x64.Build.0 = Release|x64
		{CBF9B825-F140-4A02-8A3F-059103D6CA90}.Release|x86.ActiveCfg = Release|Win32
		{CBF9B825-F140-4A02-8A3F-059103D6CA90}.Release|x86.Build.0 = Release|Win32
		{4B88E4F6-56B3-4F66-BEE8-0A4A21937BEE}.Debug|x64.ActiveCfg = Debug|x64
		{4B88E4F6-56B3-4F66-BEE8-0A4A21937BEE}.Debug|x64.Build.0 = Debug|x64
		{4B88E4F6-56B3-4F66-BEE8-0A4A21937BEE}.Debug|x86.ActiveCfg = Debug|Win32
		{4B88E4F6-56B3-4F66-BEE8-0A4A21937BEE}.Debug|x86.Build.0 = Debug|Win32
		{4B88E4F6-56B3-4F66-BEE8-0A4A21937BEE}.Release|x64.ActiveCfg = Release|x64
		{4B88E4F6-56B3-4F66-BEE8-0A4A21937BEE}.Release|x64.Build.0 = Release|x64
		{4B88E4F6-56B3-4F66-BEE8-0A4A21937BEE}.Release|x86.ActiveCfg = Release|Win32
		{4B88E4F6-56B3-4F66-BEE8-0A4A21937BEE}.Release|x86.Build.0 = Release|Win32
		{832D8D53-3EE4-43D7-B5DF-48B249CE0709}.Debug|x64.ActiveCfg = Debug|x64
		{832D8D53-3EE4-43D7-B5DF-48B249CE0709}.Debug|x64.Build.0 = Debug|x64
		{832D8D53-3EE4-43D7-B5DF-48B249CE0709}.Debug|x86.ActiveCfg = Debug|Win32
		{832D8D53-3EE4-43D7-B5DF-48B249CE0709}.Debug|x86.Build.0 = Debug|Win32
		{832D8D53-3EE4-43D7-B5DF-48B249CE0709}.Release|x64.ActiveCfg = Release|x64
		{832D8D53-3EE4-43D7-B5DF-48B249CE0709}.Release|x64.Build.0 = Release|x64
		{832D8D53-3EE4-43D7-B5DF-48B249CE0709}.Release|x86.ActiveCfg = Release|Win32
		{832D8D53-3EE4-43D7-B5DF-48B249CE0709}.Release|x86.Build.0 = Release|Win32
		{70340FF5-B49D-453F-A4F0-75EFB08E0DF0}.Debug|x64.ActiveCfg = Debug|x64
		{70340FF5-B49D-453F-A4F0-75EFB08E0DF0}.Debug|x64.Build.0 = Debug|x64
		{70340FF5-B49D-453F-A4F0-75EFB08E0DF0}.Debug|x86.ActiveCfg = Debug|Win32
		{70340FF5-B49D-453F-A4F0-75EFB08E0DF0}.Debug|x86.Build.0 = Debug|Win32
		{70340FF5-B49D-453F-A4F0-75EFB08E0DF0}.Release|x64.ActiveCfg = Release|x64
		{70340FF5-B49D-453F-A4F0-75EFB08E0DF0}.Release|x64.Build.0 = Release|x64
		{70340FF5-B49D-453F-A4F0-75EFB08E0DF0}.Release|x86.ActiveCfg = Release|Win32
		{70340FF5-B49D-453F-A4F0-75EFB08E0DF0}.Release|x86.Build.0 = Release|Win32
	EndGlobalSection
	GlobalSection(SolutionProperties) = preSolution
		HideSolutionNode = FALSE
	EndGlobalSection
	GlobalSection(NestedProjects) = preSolution
		{36D6F879-F4CB-477E-BB87-33D867EDDB0A} = {008A2872-432F-480B-828D-FF9AAA4846BC}
		{3125E078-7261-48C4-803E-4B29CEEAA56B} = {64A05F50-3203-42CC-B632-09D6EE6EA856}
		{9372D878-F76C-418B-8E2A-8E9896FF575B} = {008A2872-432F-480B-828D-FF9AAA4846BC}
		{60F01E36-B838-4AA0-8057-8324E0E39526} = {008A2872-432F-480B-828D-FF9AAA4846BC}
		{DA956FD3-E142-46F2-9DD5-C78BEBB56B7A} = {64A05F50-3203-42CC-B632-09D6EE6EA856}
		{81CE8DAF-EBB2-4761-8E45-B71ABCCA8C68} = {64A05F50-3203-42CC-B632-09D6EE6EA856}
		{B86F9380-6228-4B11-87AD-29FDABF95ABB} = {64A05F50-3203-42CC-B632-09D6EE6EA856}
		{6EC7FDF3-1418-40BD-8584-1EEA34AC3E3E} = {008A2872-432F-480B-828D-FF9AAA4846BC}
		{660A9963-15E0-4B91-A5CF-BED493E862EC} = {60F01E36-B838-4AA0-8057-8324E0E39526}
		{BF968FD3-EF46-45AF-B74E-46A41A96276F} = {008A2872-432F-480B-828D-FF9AAA4846BC}
		{CBF9B825-F140-4A02-8A3F-059103D6CA90} = {64A05F50-3203-42CC-B632-09D6EE6EA856}
		{4B88E4F6-56B3-4F66-BEE8-0A4A21937BEE} = {64A05F50-3203-42CC-B632-09D6EE6EA856}
		{832D8D53-3EE4-43D7-B5DF-48B249CE0709} = {008A2872-432F-480B-828D-FF9AAA4846BC}
		{70340FF5-B49D-453F-A4F0-75EFB08E0DF0} = {008A2872-432F-480B-828D-FF9AAA4846BC}
	EndGlobalSection
	GlobalSection(ExtensibilityGlobals) = postSolution
		                SolutionGuid = {284E91C1-764E-441A-854D-CFD3623A6501}
		SolutionGuid = {AC54A867-F976-4B3D-A6EF-F57EB764DCD4}
	EndGlobalSection
EndGlobal
