
Microsoft Visual Studio Solution File, Format Version 12.00
# Visual Studio Version 16
VisualStudioVersion = 16.0.28803.352
MinimumVisualStudioVersion = 10.0.40219.1
Project("{8BC9CEB8-8B4A-11D0-8D11-00A0C91BC942}") = "main", "main\main.vcxproj", "{36D6F879-F4CB-477E-BB87-33D867EDDB0A}"
EndProject
Project("{2150E333-8FDC-42A3-9474-1A3956D46DE8}") = "third_party", "third_party", "{64A05F50-3203-42CC-B632-09D6EE6EA856}"
EndProject
Project("{8BC9CEB8-8B4A-11D0-8D11-00A0C91BC942}") = "zlib", "zlib\zlib.vcxproj", "{3125E078-7261-48C4-803E-4B29CEEAA56B}"
EndProject
Project("{2150E333-8FDC-42A3-9474-1A3956D46DE8}") = "pcsx-redux", "pcsx-redux", "{008A2872-432F-480B-828D-FF9AAA4846BC}"
EndProject
Project("{8BC9CEB8-8B4A-11D0-8D11-00A0C91BC942}") = "core", "core\core.vcxproj", "{9372D878-F76C-418B-8E2A-8E9896FF575B}"
EndProject
Project("{2150E333-8FDC-42A3-9474-1A3956D46DE8}") = "Solution Items", "Solution Items", "{A41EB6E5-153D-42EF-A61C-0D918DDE2891}"
	ProjectSection(SolutionItems) = preProject
		..\src\.clang-format = ..\src\.clang-format
		..\src\.editorconfig = ..\src\.editorconfig
		..\AUTHORS = ..\AUTHORS
	EndProjectSection
EndProject
Project("{2150E333-8FDC-42A3-9474-1A3956D46DE8}") = "GPU", "GPU", "{60F01E36-B838-4AA0-8057-8324E0E39526}"
EndProject
Project("{8BC9CEB8-8B4A-11D0-8D11-00A0C91BC942}") = "SDL2main", "SDLmain\SDLmain.vcxproj", "{DA956FD3-E142-46F2-9DD5-C78BEBB56B7A}"
EndProject
Project("{8BC9CEB8-8B4A-11D0-8D11-00A0C91BC942}") = "SDL2", "SDL\SDL.vcxproj", "{81CE8DAF-EBB2-4761-8E45-B71ABCCA8C68}"
EndProject
Project("{8BC9CEB8-8B4A-11D0-8D11-00A0C91BC942}") = "imgui-glfw-ogl3", "imgui-glfw-ogl3\imgui-glfw-ogl3.vcxproj", "{B86F9380-6228-4B11-87AD-29FDABF95ABB}"
EndProject
Project("{8BC9CEB8-8B4A-11D0-8D11-00A0C91BC942}") = "gui", "gui\gui.vcxproj", "{6EC7FDF3-1418-40BD-8584-1EEA34AC3E3E}"
EndProject
Project("{8BC9CEB8-8B4A-11D0-8D11-00A0C91BC942}") = "soft", "soft\soft.vcxproj", "{660A9963-15E0-4B91-A5CF-BED493E862EC}"
EndProject
Project("{8BC9CEB8-8B4A-11D0-8D11-00A0C91BC942}") = "SPU", "SPU\SPU.vcxproj", "{BF968FD3-EF46-45AF-B74E-46A41A96276F}"
EndProject
Project("{8BC9CEB8-8B4A-11D0-8D11-00A0C91BC942}") = "ImGuiColorTextEdit", "ImGuiColorTextEdit\ImGuiColorTextEdit.vcxproj", "{CBF9B825-F140-4A02-8A3F-059103D6CA90}"
EndProject
Project("{8BC9CEB8-8B4A-11D0-8D11-00A0C91BC942}") = "libuv", "libuv\libuv.vcxproj", "{4B88E4F6-56B3-4F66-BEE8-0A4A21937BEE}"
EndProject
Project("{8BC9CEB8-8B4A-11D0-8D11-00A0C91BC942}") = "support", "support\support.vcxproj", "{70340FF5-B49D-453F-A4F0-75EFB08E0DF0}"
EndProject
Project("{2150E333-8FDC-42A3-9474-1A3956D46DE8}") = "tests", "tests", "{9D5A1DB2-E74D-4CDD-8377-9EA08CF4AADE}"
EndProject
Project("{8BC9CEB8-8B4A-11D0-8D11-00A0C91BC942}") = "support", "tests\support\support.vcxproj", "{50EB9A3C-CC0B-4D74-BCF3-8E6C8B778E5A}"
EndProject
Project("{8BC9CEB8-8B4A-11D0-8D11-00A0C91BC942}") = "memoryleakdetector", "tests\memoryleakdetector\memoryleakdetector.vcxproj", "{DD5ACB0A-E326-4EA9-B5A8-C23D66C27650}"
EndProject
Project("{8BC9CEB8-8B4A-11D0-8D11-00A0C91BC942}") = "libelfin", "libelfin\libelfin.vcxproj", "{65DF2840-29D7-46FC-868D-201CF2B651E0}"
EndProject
Project("{8BC9CEB8-8B4A-11D0-8D11-00A0C91BC942}") = "fmt", "fmt\fmt.vcxproj", "{71772007-5110-418D-BE9C-FB102B6EAABF}"
EndProject
Project("{8BC9CEB8-8B4A-11D0-8D11-00A0C91BC942}") = "http-parser", "http-parser\http-parser.vcxproj", "{2F6C532E-1D52-4E87-8B7D-979EAA214DB6}"
EndProject
Project("{8BC9CEB8-8B4A-11D0-8D11-00A0C91BC942}") = "pcsx-redux", "mainthunk\mainthunk.vcxproj", "{E12740B8-CCEF-454D-98A2-9123F865BFF6}"
EndProject
Project("{8BC9CEB8-8B4A-11D0-8D11-00A0C91BC942}") = "pcsxrunner", "tests\pcsxrunner\pcsxrunner.vcxproj", "{85665837-9D30-4271-BA0F-086729C40DA0}"
EndProject
Project("{2150E333-8FDC-42A3-9474-1A3956D46DE8}") = "tools", "tools", "{C6DD47BC-0C38-4AE6-B517-9675F3AC8A50}"
EndProject
Project("{8BC9CEB8-8B4A-11D0-8D11-00A0C91BC942}") = "psyq-obj-parser", "psyq-obj-parser\psyq-obj-parser.vcxproj", "{FC149187-4642-4A28-9EED-A4EB57197A7B}"
EndProject
Project("{8BC9CEB8-8B4A-11D0-8D11-00A0C91BC942}") = "imgui_lua_bindings", "imgui_lua_bindings\imgui_lua_bindings.vcxproj", "{A2833CCC-1DF0-4679-8B6D-4AB8CBB66E3A}"
EndProject
Project("{8BC9CEB8-8B4A-11D0-8D11-00A0C91BC942}") = "Lua", "Lua\Lua.vcxproj", "{F0DABAB6-069E-4B31-9BFC-296CE2FE23A6}"
EndProject
Project("{8BC9CEB8-8B4A-11D0-8D11-00A0C91BC942}") = "luv", "luv\luv.vcxproj", "{C17379B6-11B1-43AB-A2EF-234CA1D91297}"
EndProject
Project("{8BC9CEB8-8B4A-11D0-8D11-00A0C91BC942}") = "freetype", "freetype\freetype.vcxproj", "{9176A2AF-8586-4D37-B4AA-21E2460709BF}"
EndProject
Project("{8BC9CEB8-8B4A-11D0-8D11-00A0C91BC942}") = "tracy", "tracy\tracy.vcxproj", "{95DE2266-7CE9-44BD-9E7B-DCA2B9586D01}"
EndProject
Project("{8BC9CEB8-8B4A-11D0-8D11-00A0C91BC942}") = "ps1-packer", "ps1-packer\ps1-packer.vcxproj", "{8EECE493-269B-417C-9DD7-11FD3A23FA10}"
EndProject
Project("{8BC9CEB8-8B4A-11D0-8D11-00A0C91BC942}") = "pcsx-wrapper", "pcsx-wrapper\pcsx-wrapper.vcxproj", "{1CD0CD6A-5B97-4EFD-A0A9-35546DEA460E}"
EndProject
Global
	GlobalSection(SolutionConfigurationPlatforms) = preSolution
		Debug|x64 = Debug|x64
		Debug|x86 = Debug|x86
		Release|x64 = Release|x64
		Release|x86 = Release|x86
		ReleaseWithTracy|x64 = ReleaseWithTracy|x64
		ReleaseWithTracy|x86 = ReleaseWithTracy|x86
	EndGlobalSection
	GlobalSection(ProjectConfigurationPlatforms) = postSolution
		{36D6F879-F4CB-477E-BB87-33D867EDDB0A}.Debug|x64.ActiveCfg = Debug|x64
		{36D6F879-F4CB-477E-BB87-33D867EDDB0A}.Debug|x64.Build.0 = Debug|x64
		{36D6F879-F4CB-477E-BB87-33D867EDDB0A}.Debug|x86.ActiveCfg = Debug|Win32
		{36D6F879-F4CB-477E-BB87-33D867EDDB0A}.Debug|x86.Build.0 = Debug|Win32
		{36D6F879-F4CB-477E-BB87-33D867EDDB0A}.Release|x64.ActiveCfg = Release|x64
		{36D6F879-F4CB-477E-BB87-33D867EDDB0A}.Release|x64.Build.0 = Release|x64
		{36D6F879-F4CB-477E-BB87-33D867EDDB0A}.Release|x86.ActiveCfg = Release|Win32
		{36D6F879-F4CB-477E-BB87-33D867EDDB0A}.Release|x86.Build.0 = Release|Win32
		{36D6F879-F4CB-477E-BB87-33D867EDDB0A}.ReleaseWithTracy|x64.ActiveCfg = ReleaseWithTracy|x64
		{36D6F879-F4CB-477E-BB87-33D867EDDB0A}.ReleaseWithTracy|x64.Build.0 = ReleaseWithTracy|x64
		{36D6F879-F4CB-477E-BB87-33D867EDDB0A}.ReleaseWithTracy|x86.ActiveCfg = ReleaseWithTracy|Win32
		{36D6F879-F4CB-477E-BB87-33D867EDDB0A}.ReleaseWithTracy|x86.Build.0 = ReleaseWithTracy|Win32
		{3125E078-7261-48C4-803E-4B29CEEAA56B}.Debug|x64.ActiveCfg = Debug|x64
		{3125E078-7261-48C4-803E-4B29CEEAA56B}.Debug|x64.Build.0 = Debug|x64
		{3125E078-7261-48C4-803E-4B29CEEAA56B}.Debug|x86.ActiveCfg = Debug|Win32
		{3125E078-7261-48C4-803E-4B29CEEAA56B}.Debug|x86.Build.0 = Debug|Win32
		{3125E078-7261-48C4-803E-4B29CEEAA56B}.Release|x64.ActiveCfg = Release|x64
		{3125E078-7261-48C4-803E-4B29CEEAA56B}.Release|x64.Build.0 = Release|x64
		{3125E078-7261-48C4-803E-4B29CEEAA56B}.Release|x86.ActiveCfg = Release|Win32
		{3125E078-7261-48C4-803E-4B29CEEAA56B}.Release|x86.Build.0 = Release|Win32
		{3125E078-7261-48C4-803E-4B29CEEAA56B}.ReleaseWithTracy|x64.ActiveCfg = ReleaseWithTracy|x64
		{3125E078-7261-48C4-803E-4B29CEEAA56B}.ReleaseWithTracy|x64.Build.0 = ReleaseWithTracy|x64
		{3125E078-7261-48C4-803E-4B29CEEAA56B}.ReleaseWithTracy|x86.ActiveCfg = ReleaseWithTracy|Win32
		{3125E078-7261-48C4-803E-4B29CEEAA56B}.ReleaseWithTracy|x86.Build.0 = ReleaseWithTracy|Win32
		{9372D878-F76C-418B-8E2A-8E9896FF575B}.Debug|x64.ActiveCfg = Debug|x64
		{9372D878-F76C-418B-8E2A-8E9896FF575B}.Debug|x64.Build.0 = Debug|x64
		{9372D878-F76C-418B-8E2A-8E9896FF575B}.Debug|x86.ActiveCfg = Debug|Win32
		{9372D878-F76C-418B-8E2A-8E9896FF575B}.Debug|x86.Build.0 = Debug|Win32
		{9372D878-F76C-418B-8E2A-8E9896FF575B}.Release|x64.ActiveCfg = Release|x64
		{9372D878-F76C-418B-8E2A-8E9896FF575B}.Release|x64.Build.0 = Release|x64
		{9372D878-F76C-418B-8E2A-8E9896FF575B}.Release|x86.ActiveCfg = Release|Win32
		{9372D878-F76C-418B-8E2A-8E9896FF575B}.Release|x86.Build.0 = Release|Win32
		{9372D878-F76C-418B-8E2A-8E9896FF575B}.ReleaseWithTracy|x64.ActiveCfg = ReleaseWithTracy|x64
		{9372D878-F76C-418B-8E2A-8E9896FF575B}.ReleaseWithTracy|x64.Build.0 = ReleaseWithTracy|x64
		{9372D878-F76C-418B-8E2A-8E9896FF575B}.ReleaseWithTracy|x86.ActiveCfg = ReleaseWithTracy|Win32
		{9372D878-F76C-418B-8E2A-8E9896FF575B}.ReleaseWithTracy|x86.Build.0 = ReleaseWithTracy|Win32
		{DA956FD3-E142-46F2-9DD5-C78BEBB56B7A}.Debug|x64.ActiveCfg = Debug|x64
		{DA956FD3-E142-46F2-9DD5-C78BEBB56B7A}.Debug|x64.Build.0 = Debug|x64
		{DA956FD3-E142-46F2-9DD5-C78BEBB56B7A}.Debug|x86.ActiveCfg = Debug|Win32
		{DA956FD3-E142-46F2-9DD5-C78BEBB56B7A}.Debug|x86.Build.0 = Debug|Win32
		{DA956FD3-E142-46F2-9DD5-C78BEBB56B7A}.Release|x64.ActiveCfg = Release|x64
		{DA956FD3-E142-46F2-9DD5-C78BEBB56B7A}.Release|x64.Build.0 = Release|x64
		{DA956FD3-E142-46F2-9DD5-C78BEBB56B7A}.Release|x86.ActiveCfg = Release|Win32
		{DA956FD3-E142-46F2-9DD5-C78BEBB56B7A}.Release|x86.Build.0 = Release|Win32
		{DA956FD3-E142-46F2-9DD5-C78BEBB56B7A}.ReleaseWithTracy|x64.ActiveCfg = ReleaseWithTracy|x64
		{DA956FD3-E142-46F2-9DD5-C78BEBB56B7A}.ReleaseWithTracy|x64.Build.0 = ReleaseWithTracy|x64
		{DA956FD3-E142-46F2-9DD5-C78BEBB56B7A}.ReleaseWithTracy|x86.ActiveCfg = ReleaseWithTracy|Win32
		{DA956FD3-E142-46F2-9DD5-C78BEBB56B7A}.ReleaseWithTracy|x86.Build.0 = ReleaseWithTracy|Win32
		{81CE8DAF-EBB2-4761-8E45-B71ABCCA8C68}.Debug|x64.ActiveCfg = Debug|x64
		{81CE8DAF-EBB2-4761-8E45-B71ABCCA8C68}.Debug|x64.Build.0 = Debug|x64
		{81CE8DAF-EBB2-4761-8E45-B71ABCCA8C68}.Debug|x86.ActiveCfg = Debug|Win32
		{81CE8DAF-EBB2-4761-8E45-B71ABCCA8C68}.Debug|x86.Build.0 = Debug|Win32
		{81CE8DAF-EBB2-4761-8E45-B71ABCCA8C68}.Release|x64.ActiveCfg = Release|x64
		{81CE8DAF-EBB2-4761-8E45-B71ABCCA8C68}.Release|x64.Build.0 = Release|x64
		{81CE8DAF-EBB2-4761-8E45-B71ABCCA8C68}.Release|x86.ActiveCfg = Release|Win32
		{81CE8DAF-EBB2-4761-8E45-B71ABCCA8C68}.Release|x86.Build.0 = Release|Win32
		{81CE8DAF-EBB2-4761-8E45-B71ABCCA8C68}.ReleaseWithTracy|x64.ActiveCfg = ReleaseWithTracy|x64
		{81CE8DAF-EBB2-4761-8E45-B71ABCCA8C68}.ReleaseWithTracy|x64.Build.0 = ReleaseWithTracy|x64
		{81CE8DAF-EBB2-4761-8E45-B71ABCCA8C68}.ReleaseWithTracy|x86.ActiveCfg = ReleaseWithTracy|Win32
		{81CE8DAF-EBB2-4761-8E45-B71ABCCA8C68}.ReleaseWithTracy|x86.Build.0 = ReleaseWithTracy|Win32
		{B86F9380-6228-4B11-87AD-29FDABF95ABB}.Debug|x64.ActiveCfg = Debug|x64
		{B86F9380-6228-4B11-87AD-29FDABF95ABB}.Debug|x64.Build.0 = Debug|x64
		{B86F9380-6228-4B11-87AD-29FDABF95ABB}.Debug|x86.ActiveCfg = Debug|Win32
		{B86F9380-6228-4B11-87AD-29FDABF95ABB}.Debug|x86.Build.0 = Debug|Win32
		{B86F9380-6228-4B11-87AD-29FDABF95ABB}.Release|x64.ActiveCfg = Release|x64
		{B86F9380-6228-4B11-87AD-29FDABF95ABB}.Release|x64.Build.0 = Release|x64
		{B86F9380-6228-4B11-87AD-29FDABF95ABB}.Release|x86.ActiveCfg = Release|Win32
		{B86F9380-6228-4B11-87AD-29FDABF95ABB}.Release|x86.Build.0 = Release|Win32
		{B86F9380-6228-4B11-87AD-29FDABF95ABB}.ReleaseWithTracy|x64.ActiveCfg = ReleaseWithTracy|x64
		{B86F9380-6228-4B11-87AD-29FDABF95ABB}.ReleaseWithTracy|x64.Build.0 = ReleaseWithTracy|x64
		{B86F9380-6228-4B11-87AD-29FDABF95ABB}.ReleaseWithTracy|x86.ActiveCfg = ReleaseWithTracy|Win32
		{B86F9380-6228-4B11-87AD-29FDABF95ABB}.ReleaseWithTracy|x86.Build.0 = ReleaseWithTracy|Win32
		{6EC7FDF3-1418-40BD-8584-1EEA34AC3E3E}.Debug|x64.ActiveCfg = Debug|x64
		{6EC7FDF3-1418-40BD-8584-1EEA34AC3E3E}.Debug|x64.Build.0 = Debug|x64
		{6EC7FDF3-1418-40BD-8584-1EEA34AC3E3E}.Debug|x86.ActiveCfg = Debug|Win32
		{6EC7FDF3-1418-40BD-8584-1EEA34AC3E3E}.Debug|x86.Build.0 = Debug|Win32
		{6EC7FDF3-1418-40BD-8584-1EEA34AC3E3E}.Release|x64.ActiveCfg = Release|x64
		{6EC7FDF3-1418-40BD-8584-1EEA34AC3E3E}.Release|x64.Build.0 = Release|x64
		{6EC7FDF3-1418-40BD-8584-1EEA34AC3E3E}.Release|x86.ActiveCfg = Release|Win32
		{6EC7FDF3-1418-40BD-8584-1EEA34AC3E3E}.Release|x86.Build.0 = Release|Win32
		{6EC7FDF3-1418-40BD-8584-1EEA34AC3E3E}.ReleaseWithTracy|x64.ActiveCfg = ReleaseWithTracy|x64
		{6EC7FDF3-1418-40BD-8584-1EEA34AC3E3E}.ReleaseWithTracy|x64.Build.0 = ReleaseWithTracy|x64
		{6EC7FDF3-1418-40BD-8584-1EEA34AC3E3E}.ReleaseWithTracy|x86.ActiveCfg = ReleaseWithTracy|Win32
		{6EC7FDF3-1418-40BD-8584-1EEA34AC3E3E}.ReleaseWithTracy|x86.Build.0 = ReleaseWithTracy|Win32
		{660A9963-15E0-4B91-A5CF-BED493E862EC}.Debug|x64.ActiveCfg = Debug|x64
		{660A9963-15E0-4B91-A5CF-BED493E862EC}.Debug|x64.Build.0 = Debug|x64
		{660A9963-15E0-4B91-A5CF-BED493E862EC}.Debug|x86.ActiveCfg = Debug|Win32
		{660A9963-15E0-4B91-A5CF-BED493E862EC}.Debug|x86.Build.0 = Debug|Win32
		{660A9963-15E0-4B91-A5CF-BED493E862EC}.Release|x64.ActiveCfg = Release|x64
		{660A9963-15E0-4B91-A5CF-BED493E862EC}.Release|x64.Build.0 = Release|x64
		{660A9963-15E0-4B91-A5CF-BED493E862EC}.Release|x86.ActiveCfg = Release|Win32
		{660A9963-15E0-4B91-A5CF-BED493E862EC}.Release|x86.Build.0 = Release|Win32
		{660A9963-15E0-4B91-A5CF-BED493E862EC}.ReleaseWithTracy|x64.ActiveCfg = ReleaseWithTracy|x64
		{660A9963-15E0-4B91-A5CF-BED493E862EC}.ReleaseWithTracy|x64.Build.0 = ReleaseWithTracy|x64
		{660A9963-15E0-4B91-A5CF-BED493E862EC}.ReleaseWithTracy|x86.ActiveCfg = ReleaseWithTracy|Win32
		{660A9963-15E0-4B91-A5CF-BED493E862EC}.ReleaseWithTracy|x86.Build.0 = ReleaseWithTracy|Win32
		{BF968FD3-EF46-45AF-B74E-46A41A96276F}.Debug|x64.ActiveCfg = Debug|x64
		{BF968FD3-EF46-45AF-B74E-46A41A96276F}.Debug|x64.Build.0 = Debug|x64
		{BF968FD3-EF46-45AF-B74E-46A41A96276F}.Debug|x86.ActiveCfg = Debug|Win32
		{BF968FD3-EF46-45AF-B74E-46A41A96276F}.Debug|x86.Build.0 = Debug|Win32
		{BF968FD3-EF46-45AF-B74E-46A41A96276F}.Release|x64.ActiveCfg = Release|x64
		{BF968FD3-EF46-45AF-B74E-46A41A96276F}.Release|x64.Build.0 = Release|x64
		{BF968FD3-EF46-45AF-B74E-46A41A96276F}.Release|x86.ActiveCfg = Release|Win32
		{BF968FD3-EF46-45AF-B74E-46A41A96276F}.Release|x86.Build.0 = Release|Win32
		{BF968FD3-EF46-45AF-B74E-46A41A96276F}.ReleaseWithTracy|x64.ActiveCfg = ReleaseWithTracy|x64
		{BF968FD3-EF46-45AF-B74E-46A41A96276F}.ReleaseWithTracy|x64.Build.0 = ReleaseWithTracy|x64
		{BF968FD3-EF46-45AF-B74E-46A41A96276F}.ReleaseWithTracy|x86.ActiveCfg = ReleaseWithTracy|Win32
		{BF968FD3-EF46-45AF-B74E-46A41A96276F}.ReleaseWithTracy|x86.Build.0 = ReleaseWithTracy|Win32
		{CBF9B825-F140-4A02-8A3F-059103D6CA90}.Debug|x64.ActiveCfg = Debug|x64
		{CBF9B825-F140-4A02-8A3F-059103D6CA90}.Debug|x64.Build.0 = Debug|x64
		{CBF9B825-F140-4A02-8A3F-059103D6CA90}.Debug|x86.ActiveCfg = Debug|Win32
		{CBF9B825-F140-4A02-8A3F-059103D6CA90}.Debug|x86.Build.0 = Debug|Win32
		{CBF9B825-F140-4A02-8A3F-059103D6CA90}.Release|x64.ActiveCfg = Release|x64
		{CBF9B825-F140-4A02-8A3F-059103D6CA90}.Release|x64.Build.0 = Release|x64
		{CBF9B825-F140-4A02-8A3F-059103D6CA90}.Release|x86.ActiveCfg = Release|Win32
		{CBF9B825-F140-4A02-8A3F-059103D6CA90}.Release|x86.Build.0 = Release|Win32
		{CBF9B825-F140-4A02-8A3F-059103D6CA90}.ReleaseWithTracy|x64.ActiveCfg = ReleaseWithTracy|x64
		{CBF9B825-F140-4A02-8A3F-059103D6CA90}.ReleaseWithTracy|x64.Build.0 = ReleaseWithTracy|x64
		{CBF9B825-F140-4A02-8A3F-059103D6CA90}.ReleaseWithTracy|x86.ActiveCfg = ReleaseWithTracy|Win32
		{CBF9B825-F140-4A02-8A3F-059103D6CA90}.ReleaseWithTracy|x86.Build.0 = ReleaseWithTracy|Win32
		{4B88E4F6-56B3-4F66-BEE8-0A4A21937BEE}.Debug|x64.ActiveCfg = Debug|x64
		{4B88E4F6-56B3-4F66-BEE8-0A4A21937BEE}.Debug|x64.Build.0 = Debug|x64
		{4B88E4F6-56B3-4F66-BEE8-0A4A21937BEE}.Debug|x86.ActiveCfg = Debug|Win32
		{4B88E4F6-56B3-4F66-BEE8-0A4A21937BEE}.Debug|x86.Build.0 = Debug|Win32
		{4B88E4F6-56B3-4F66-BEE8-0A4A21937BEE}.Release|x64.ActiveCfg = Release|x64
		{4B88E4F6-56B3-4F66-BEE8-0A4A21937BEE}.Release|x64.Build.0 = Release|x64
		{4B88E4F6-56B3-4F66-BEE8-0A4A21937BEE}.Release|x86.ActiveCfg = Release|Win32
		{4B88E4F6-56B3-4F66-BEE8-0A4A21937BEE}.Release|x86.Build.0 = Release|Win32
		{4B88E4F6-56B3-4F66-BEE8-0A4A21937BEE}.ReleaseWithTracy|x64.ActiveCfg = ReleaseWithTracy|x64
		{4B88E4F6-56B3-4F66-BEE8-0A4A21937BEE}.ReleaseWithTracy|x64.Build.0 = ReleaseWithTracy|x64
		{4B88E4F6-56B3-4F66-BEE8-0A4A21937BEE}.ReleaseWithTracy|x86.ActiveCfg = ReleaseWithTracy|Win32
		{4B88E4F6-56B3-4F66-BEE8-0A4A21937BEE}.ReleaseWithTracy|x86.Build.0 = ReleaseWithTracy|Win32
		{70340FF5-B49D-453F-A4F0-75EFB08E0DF0}.Debug|x64.ActiveCfg = Debug|x64
		{70340FF5-B49D-453F-A4F0-75EFB08E0DF0}.Debug|x64.Build.0 = Debug|x64
		{70340FF5-B49D-453F-A4F0-75EFB08E0DF0}.Debug|x86.ActiveCfg = Debug|Win32
		{70340FF5-B49D-453F-A4F0-75EFB08E0DF0}.Debug|x86.Build.0 = Debug|Win32
		{70340FF5-B49D-453F-A4F0-75EFB08E0DF0}.Release|x64.ActiveCfg = Release|x64
		{70340FF5-B49D-453F-A4F0-75EFB08E0DF0}.Release|x64.Build.0 = Release|x64
		{70340FF5-B49D-453F-A4F0-75EFB08E0DF0}.Release|x86.ActiveCfg = Release|Win32
		{70340FF5-B49D-453F-A4F0-75EFB08E0DF0}.Release|x86.Build.0 = Release|Win32
		{70340FF5-B49D-453F-A4F0-75EFB08E0DF0}.ReleaseWithTracy|x64.ActiveCfg = ReleaseWithTracy|x64
		{70340FF5-B49D-453F-A4F0-75EFB08E0DF0}.ReleaseWithTracy|x64.Build.0 = ReleaseWithTracy|x64
		{70340FF5-B49D-453F-A4F0-75EFB08E0DF0}.ReleaseWithTracy|x86.ActiveCfg = ReleaseWithTracy|Win32
		{70340FF5-B49D-453F-A4F0-75EFB08E0DF0}.ReleaseWithTracy|x86.Build.0 = ReleaseWithTracy|Win32
		{50EB9A3C-CC0B-4D74-BCF3-8E6C8B778E5A}.Debug|x64.ActiveCfg = Debug|x64
		{50EB9A3C-CC0B-4D74-BCF3-8E6C8B778E5A}.Debug|x64.Build.0 = Debug|x64
		{50EB9A3C-CC0B-4D74-BCF3-8E6C8B778E5A}.Debug|x86.ActiveCfg = Debug|Win32
		{50EB9A3C-CC0B-4D74-BCF3-8E6C8B778E5A}.Debug|x86.Build.0 = Debug|Win32
		{50EB9A3C-CC0B-4D74-BCF3-8E6C8B778E5A}.Release|x64.ActiveCfg = Release|x64
		{50EB9A3C-CC0B-4D74-BCF3-8E6C8B778E5A}.Release|x64.Build.0 = Release|x64
		{50EB9A3C-CC0B-4D74-BCF3-8E6C8B778E5A}.Release|x86.ActiveCfg = Release|Win32
		{50EB9A3C-CC0B-4D74-BCF3-8E6C8B778E5A}.Release|x86.Build.0 = Release|Win32
		{50EB9A3C-CC0B-4D74-BCF3-8E6C8B778E5A}.ReleaseWithTracy|x64.ActiveCfg = ReleaseWithTracy|x64
		{50EB9A3C-CC0B-4D74-BCF3-8E6C8B778E5A}.ReleaseWithTracy|x64.Build.0 = ReleaseWithTracy|x64
		{50EB9A3C-CC0B-4D74-BCF3-8E6C8B778E5A}.ReleaseWithTracy|x86.ActiveCfg = ReleaseWithTracy|Win32
		{50EB9A3C-CC0B-4D74-BCF3-8E6C8B778E5A}.ReleaseWithTracy|x86.Build.0 = ReleaseWithTracy|Win32
		{DD5ACB0A-E326-4EA9-B5A8-C23D66C27650}.Debug|x64.ActiveCfg = Debug|x64
		{DD5ACB0A-E326-4EA9-B5A8-C23D66C27650}.Debug|x64.Build.0 = Debug|x64
		{DD5ACB0A-E326-4EA9-B5A8-C23D66C27650}.Debug|x86.ActiveCfg = Debug|Win32
		{DD5ACB0A-E326-4EA9-B5A8-C23D66C27650}.Debug|x86.Build.0 = Debug|Win32
		{DD5ACB0A-E326-4EA9-B5A8-C23D66C27650}.Release|x64.ActiveCfg = Release|x64
		{DD5ACB0A-E326-4EA9-B5A8-C23D66C27650}.Release|x64.Build.0 = Release|x64
		{DD5ACB0A-E326-4EA9-B5A8-C23D66C27650}.Release|x86.ActiveCfg = Release|Win32
		{DD5ACB0A-E326-4EA9-B5A8-C23D66C27650}.Release|x86.Build.0 = Release|Win32
		{DD5ACB0A-E326-4EA9-B5A8-C23D66C27650}.ReleaseWithTracy|x64.ActiveCfg = ReleaseWithTracy|x64
		{DD5ACB0A-E326-4EA9-B5A8-C23D66C27650}.ReleaseWithTracy|x64.Build.0 = ReleaseWithTracy|x64
		{DD5ACB0A-E326-4EA9-B5A8-C23D66C27650}.ReleaseWithTracy|x86.ActiveCfg = ReleaseWithTracy|Win32
		{DD5ACB0A-E326-4EA9-B5A8-C23D66C27650}.ReleaseWithTracy|x86.Build.0 = ReleaseWithTracy|Win32
		{65DF2840-29D7-46FC-868D-201CF2B651E0}.Debug|x64.ActiveCfg = Debug|x64
		{65DF2840-29D7-46FC-868D-201CF2B651E0}.Debug|x64.Build.0 = Debug|x64
		{65DF2840-29D7-46FC-868D-201CF2B651E0}.Debug|x86.ActiveCfg = Debug|Win32
		{65DF2840-29D7-46FC-868D-201CF2B651E0}.Debug|x86.Build.0 = Debug|Win32
		{65DF2840-29D7-46FC-868D-201CF2B651E0}.Release|x64.ActiveCfg = Release|x64
		{65DF2840-29D7-46FC-868D-201CF2B651E0}.Release|x64.Build.0 = Release|x64
		{65DF2840-29D7-46FC-868D-201CF2B651E0}.Release|x86.ActiveCfg = Release|Win32
		{65DF2840-29D7-46FC-868D-201CF2B651E0}.Release|x86.Build.0 = Release|Win32
		{65DF2840-29D7-46FC-868D-201CF2B651E0}.ReleaseWithTracy|x64.ActiveCfg = ReleaseWithTracy|x64
		{65DF2840-29D7-46FC-868D-201CF2B651E0}.ReleaseWithTracy|x64.Build.0 = ReleaseWithTracy|x64
		{65DF2840-29D7-46FC-868D-201CF2B651E0}.ReleaseWithTracy|x86.ActiveCfg = ReleaseWithTracy|Win32
		{65DF2840-29D7-46FC-868D-201CF2B651E0}.ReleaseWithTracy|x86.Build.0 = ReleaseWithTracy|Win32
		{71772007-5110-418D-BE9C-FB102B6EAABF}.Debug|x64.ActiveCfg = Debug|x64
		{71772007-5110-418D-BE9C-FB102B6EAABF}.Debug|x64.Build.0 = Debug|x64
		{71772007-5110-418D-BE9C-FB102B6EAABF}.Debug|x86.ActiveCfg = Debug|Win32
		{71772007-5110-418D-BE9C-FB102B6EAABF}.Debug|x86.Build.0 = Debug|Win32
		{71772007-5110-418D-BE9C-FB102B6EAABF}.Release|x64.ActiveCfg = Release|x64
		{71772007-5110-418D-BE9C-FB102B6EAABF}.Release|x64.Build.0 = Release|x64
		{71772007-5110-418D-BE9C-FB102B6EAABF}.Release|x86.ActiveCfg = Release|Win32
		{71772007-5110-418D-BE9C-FB102B6EAABF}.Release|x86.Build.0 = Release|Win32
		{71772007-5110-418D-BE9C-FB102B6EAABF}.ReleaseWithTracy|x64.ActiveCfg = ReleaseWithTracy|x64
		{71772007-5110-418D-BE9C-FB102B6EAABF}.ReleaseWithTracy|x64.Build.0 = ReleaseWithTracy|x64
		{71772007-5110-418D-BE9C-FB102B6EAABF}.ReleaseWithTracy|x86.ActiveCfg = ReleaseWithTracy|Win32
		{71772007-5110-418D-BE9C-FB102B6EAABF}.ReleaseWithTracy|x86.Build.0 = ReleaseWithTracy|Win32
		{2F6C532E-1D52-4E87-8B7D-979EAA214DB6}.Debug|x64.ActiveCfg = Debug|x64
		{2F6C532E-1D52-4E87-8B7D-979EAA214DB6}.Debug|x64.Build.0 = Debug|x64
		{2F6C532E-1D52-4E87-8B7D-979EAA214DB6}.Debug|x86.ActiveCfg = Debug|Win32
		{2F6C532E-1D52-4E87-8B7D-979EAA214DB6}.Debug|x86.Build.0 = Debug|Win32
		{2F6C532E-1D52-4E87-8B7D-979EAA214DB6}.Release|x64.ActiveCfg = Release|x64
		{2F6C532E-1D52-4E87-8B7D-979EAA214DB6}.Release|x64.Build.0 = Release|x64
		{2F6C532E-1D52-4E87-8B7D-979EAA214DB6}.Release|x86.ActiveCfg = Release|Win32
		{2F6C532E-1D52-4E87-8B7D-979EAA214DB6}.Release|x86.Build.0 = Release|Win32
		{2F6C532E-1D52-4E87-8B7D-979EAA214DB6}.ReleaseWithTracy|x64.ActiveCfg = ReleaseWithTracy|x64
		{2F6C532E-1D52-4E87-8B7D-979EAA214DB6}.ReleaseWithTracy|x64.Build.0 = ReleaseWithTracy|x64
		{2F6C532E-1D52-4E87-8B7D-979EAA214DB6}.ReleaseWithTracy|x86.ActiveCfg = ReleaseWithTracy|Win32
		{2F6C532E-1D52-4E87-8B7D-979EAA214DB6}.ReleaseWithTracy|x86.Build.0 = ReleaseWithTracy|Win32
		{E12740B8-CCEF-454D-98A2-9123F865BFF6}.Debug|x64.ActiveCfg = Debug|x64
		{E12740B8-CCEF-454D-98A2-9123F865BFF6}.Debug|x64.Build.0 = Debug|x64
		{E12740B8-CCEF-454D-98A2-9123F865BFF6}.Debug|x86.ActiveCfg = Debug|Win32
		{E12740B8-CCEF-454D-98A2-9123F865BFF6}.Debug|x86.Build.0 = Debug|Win32
		{E12740B8-CCEF-454D-98A2-9123F865BFF6}.Release|x64.ActiveCfg = Release|x64
		{E12740B8-CCEF-454D-98A2-9123F865BFF6}.Release|x64.Build.0 = Release|x64
		{E12740B8-CCEF-454D-98A2-9123F865BFF6}.Release|x86.ActiveCfg = Release|Win32
		{E12740B8-CCEF-454D-98A2-9123F865BFF6}.Release|x86.Build.0 = Release|Win32
		{E12740B8-CCEF-454D-98A2-9123F865BFF6}.ReleaseWithTracy|x64.ActiveCfg = ReleaseWithTracy|x64
		{E12740B8-CCEF-454D-98A2-9123F865BFF6}.ReleaseWithTracy|x64.Build.0 = ReleaseWithTracy|x64
		{E12740B8-CCEF-454D-98A2-9123F865BFF6}.ReleaseWithTracy|x86.ActiveCfg = ReleaseWithTracy|Win32
		{E12740B8-CCEF-454D-98A2-9123F865BFF6}.ReleaseWithTracy|x86.Build.0 = ReleaseWithTracy|Win32
		{85665837-9D30-4271-BA0F-086729C40DA0}.Debug|x64.ActiveCfg = Debug|x64
		{85665837-9D30-4271-BA0F-086729C40DA0}.Debug|x64.Build.0 = Debug|x64
		{85665837-9D30-4271-BA0F-086729C40DA0}.Debug|x86.ActiveCfg = Debug|Win32
		{85665837-9D30-4271-BA0F-086729C40DA0}.Debug|x86.Build.0 = Debug|Win32
		{85665837-9D30-4271-BA0F-086729C40DA0}.Release|x64.ActiveCfg = Release|x64
		{85665837-9D30-4271-BA0F-086729C40DA0}.Release|x64.Build.0 = Release|x64
		{85665837-9D30-4271-BA0F-086729C40DA0}.Release|x86.ActiveCfg = Release|Win32
		{85665837-9D30-4271-BA0F-086729C40DA0}.Release|x86.Build.0 = Release|Win32
		{85665837-9D30-4271-BA0F-086729C40DA0}.ReleaseWithTracy|x64.ActiveCfg = ReleaseWithTracy|x64
		{85665837-9D30-4271-BA0F-086729C40DA0}.ReleaseWithTracy|x64.Build.0 = ReleaseWithTracy|x64
		{85665837-9D30-4271-BA0F-086729C40DA0}.ReleaseWithTracy|x86.ActiveCfg = ReleaseWithTracy|Win32
		{85665837-9D30-4271-BA0F-086729C40DA0}.ReleaseWithTracy|x86.Build.0 = ReleaseWithTracy|Win32
		{FC149187-4642-4A28-9EED-A4EB57197A7B}.Debug|x64.ActiveCfg = Debug|x64
		{FC149187-4642-4A28-9EED-A4EB57197A7B}.Debug|x64.Build.0 = Debug|x64
		{FC149187-4642-4A28-9EED-A4EB57197A7B}.Debug|x86.ActiveCfg = Debug|Win32
		{FC149187-4642-4A28-9EED-A4EB57197A7B}.Debug|x86.Build.0 = Debug|Win32
		{FC149187-4642-4A28-9EED-A4EB57197A7B}.Release|x64.ActiveCfg = Release|x64
		{FC149187-4642-4A28-9EED-A4EB57197A7B}.Release|x64.Build.0 = Release|x64
		{FC149187-4642-4A28-9EED-A4EB57197A7B}.Release|x86.ActiveCfg = Release|Win32
		{FC149187-4642-4A28-9EED-A4EB57197A7B}.Release|x86.Build.0 = Release|Win32
		{FC149187-4642-4A28-9EED-A4EB57197A7B}.ReleaseWithTracy|x64.ActiveCfg = ReleaseWithTracy|x64
		{FC149187-4642-4A28-9EED-A4EB57197A7B}.ReleaseWithTracy|x64.Build.0 = ReleaseWithTracy|x64
		{FC149187-4642-4A28-9EED-A4EB57197A7B}.ReleaseWithTracy|x86.ActiveCfg = ReleaseWithTracy|Win32
		{FC149187-4642-4A28-9EED-A4EB57197A7B}.ReleaseWithTracy|x86.Build.0 = ReleaseWithTracy|Win32
		{A2833CCC-1DF0-4679-8B6D-4AB8CBB66E3A}.Debug|x64.ActiveCfg = Debug|x64
		{A2833CCC-1DF0-4679-8B6D-4AB8CBB66E3A}.Debug|x64.Build.0 = Debug|x64
		{A2833CCC-1DF0-4679-8B6D-4AB8CBB66E3A}.Debug|x86.ActiveCfg = Debug|Win32
		{A2833CCC-1DF0-4679-8B6D-4AB8CBB66E3A}.Debug|x86.Build.0 = Debug|Win32
		{A2833CCC-1DF0-4679-8B6D-4AB8CBB66E3A}.Release|x64.ActiveCfg = Release|x64
		{A2833CCC-1DF0-4679-8B6D-4AB8CBB66E3A}.Release|x64.Build.0 = Release|x64
		{A2833CCC-1DF0-4679-8B6D-4AB8CBB66E3A}.Release|x86.ActiveCfg = Release|Win32
		{A2833CCC-1DF0-4679-8B6D-4AB8CBB66E3A}.Release|x86.Build.0 = Release|Win32
		{A2833CCC-1DF0-4679-8B6D-4AB8CBB66E3A}.ReleaseWithTracy|x64.ActiveCfg = ReleaseWithTracy|x64
		{A2833CCC-1DF0-4679-8B6D-4AB8CBB66E3A}.ReleaseWithTracy|x64.Build.0 = ReleaseWithTracy|x64
		{A2833CCC-1DF0-4679-8B6D-4AB8CBB66E3A}.ReleaseWithTracy|x86.ActiveCfg = ReleaseWithTracy|Win32
		{A2833CCC-1DF0-4679-8B6D-4AB8CBB66E3A}.ReleaseWithTracy|x86.Build.0 = ReleaseWithTracy|Win32
		{F0DABAB6-069E-4B31-9BFC-296CE2FE23A6}.Debug|x64.ActiveCfg = Debug|x64
		{F0DABAB6-069E-4B31-9BFC-296CE2FE23A6}.Debug|x64.Build.0 = Debug|x64
		{F0DABAB6-069E-4B31-9BFC-296CE2FE23A6}.Debug|x86.ActiveCfg = Debug|Win32
		{F0DABAB6-069E-4B31-9BFC-296CE2FE23A6}.Debug|x86.Build.0 = Debug|Win32
		{F0DABAB6-069E-4B31-9BFC-296CE2FE23A6}.Release|x64.ActiveCfg = Release|x64
		{F0DABAB6-069E-4B31-9BFC-296CE2FE23A6}.Release|x64.Build.0 = Release|x64
		{F0DABAB6-069E-4B31-9BFC-296CE2FE23A6}.Release|x86.ActiveCfg = Release|Win32
		{F0DABAB6-069E-4B31-9BFC-296CE2FE23A6}.Release|x86.Build.0 = Release|Win32
		{F0DABAB6-069E-4B31-9BFC-296CE2FE23A6}.ReleaseWithTracy|x64.ActiveCfg = ReleaseWithTracy|x64
		{F0DABAB6-069E-4B31-9BFC-296CE2FE23A6}.ReleaseWithTracy|x64.Build.0 = ReleaseWithTracy|x64
		{F0DABAB6-069E-4B31-9BFC-296CE2FE23A6}.ReleaseWithTracy|x86.ActiveCfg = ReleaseWithTracy|Win32
		{F0DABAB6-069E-4B31-9BFC-296CE2FE23A6}.ReleaseWithTracy|x86.Build.0 = ReleaseWithTracy|Win32
		{C17379B6-11B1-43AB-A2EF-234CA1D91297}.Debug|x64.ActiveCfg = Debug|x64
		{C17379B6-11B1-43AB-A2EF-234CA1D91297}.Debug|x64.Build.0 = Debug|x64
		{C17379B6-11B1-43AB-A2EF-234CA1D91297}.Debug|x86.ActiveCfg = Debug|Win32
		{C17379B6-11B1-43AB-A2EF-234CA1D91297}.Debug|x86.Build.0 = Debug|Win32
		{C17379B6-11B1-43AB-A2EF-234CA1D91297}.Release|x64.ActiveCfg = Release|x64
		{C17379B6-11B1-43AB-A2EF-234CA1D91297}.Release|x64.Build.0 = Release|x64
		{C17379B6-11B1-43AB-A2EF-234CA1D91297}.Release|x86.ActiveCfg = Release|Win32
		{C17379B6-11B1-43AB-A2EF-234CA1D91297}.Release|x86.Build.0 = Release|Win32
		{C17379B6-11B1-43AB-A2EF-234CA1D91297}.ReleaseWithTracy|x64.ActiveCfg = ReleaseWithTracy|x64
		{C17379B6-11B1-43AB-A2EF-234CA1D91297}.ReleaseWithTracy|x64.Build.0 = ReleaseWithTracy|x64
		{C17379B6-11B1-43AB-A2EF-234CA1D91297}.ReleaseWithTracy|x86.ActiveCfg = ReleaseWithTracy|Win32
		{C17379B6-11B1-43AB-A2EF-234CA1D91297}.ReleaseWithTracy|x86.Build.0 = ReleaseWithTracy|Win32
		{9176A2AF-8586-4D37-B4AA-21E2460709BF}.Debug|x64.ActiveCfg = Debug|x64
		{9176A2AF-8586-4D37-B4AA-21E2460709BF}.Debug|x64.Build.0 = Debug|x64
		{9176A2AF-8586-4D37-B4AA-21E2460709BF}.Debug|x86.ActiveCfg = Debug|Win32
		{9176A2AF-8586-4D37-B4AA-21E2460709BF}.Debug|x86.Build.0 = Debug|Win32
		{9176A2AF-8586-4D37-B4AA-21E2460709BF}.Release|x64.ActiveCfg = Release|x64
		{9176A2AF-8586-4D37-B4AA-21E2460709BF}.Release|x64.Build.0 = Release|x64
		{9176A2AF-8586-4D37-B4AA-21E2460709BF}.Release|x86.ActiveCfg = Release|Win32
		{9176A2AF-8586-4D37-B4AA-21E2460709BF}.Release|x86.Build.0 = Release|Win32
		{9176A2AF-8586-4D37-B4AA-21E2460709BF}.ReleaseWithTracy|x64.ActiveCfg = ReleaseWithTracy|x64
		{9176A2AF-8586-4D37-B4AA-21E2460709BF}.ReleaseWithTracy|x64.Build.0 = ReleaseWithTracy|x64
		{9176A2AF-8586-4D37-B4AA-21E2460709BF}.ReleaseWithTracy|x86.ActiveCfg = ReleaseWithTracy|Win32
		{9176A2AF-8586-4D37-B4AA-21E2460709BF}.ReleaseWithTracy|x86.Build.0 = ReleaseWithTracy|Win32
		{95DE2266-7CE9-44BD-9E7B-DCA2B9586D01}.Debug|x64.ActiveCfg = Disabled|x64
		{95DE2266-7CE9-44BD-9E7B-DCA2B9586D01}.Debug|x64.Build.0 = Disabled|x64
		{95DE2266-7CE9-44BD-9E7B-DCA2B9586D01}.Debug|x86.ActiveCfg = Enabled|Win32
		{95DE2266-7CE9-44BD-9E7B-DCA2B9586D01}.Release|x64.ActiveCfg = Disabled|x64
		{95DE2266-7CE9-44BD-9E7B-DCA2B9586D01}.Release|x64.Build.0 = Disabled|x64
		{95DE2266-7CE9-44BD-9E7B-DCA2B9586D01}.Release|x86.ActiveCfg = Enabled|Win32
		{95DE2266-7CE9-44BD-9E7B-DCA2B9586D01}.Release|x86.Build.0 = Enabled|Win32
		{95DE2266-7CE9-44BD-9E7B-DCA2B9586D01}.ReleaseWithTracy|x64.ActiveCfg = Enabled|x64
		{95DE2266-7CE9-44BD-9E7B-DCA2B9586D01}.ReleaseWithTracy|x64.Build.0 = Enabled|x64
		{95DE2266-7CE9-44BD-9E7B-DCA2B9586D01}.ReleaseWithTracy|x86.ActiveCfg = Enabled|Win32
		{95DE2266-7CE9-44BD-9E7B-DCA2B9586D01}.ReleaseWithTracy|x86.Build.0 = Enabled|Win32
		{8EECE493-269B-417C-9DD7-11FD3A23FA10}.Debug|x64.ActiveCfg = Debug|x64
		{8EECE493-269B-417C-9DD7-11FD3A23FA10}.Debug|x64.Build.0 = Debug|x64
		{8EECE493-269B-417C-9DD7-11FD3A23FA10}.Debug|x86.ActiveCfg = Debug|Win32
		{8EECE493-269B-417C-9DD7-11FD3A23FA10}.Debug|x86.Build.0 = Debug|Win32
		{8EECE493-269B-417C-9DD7-11FD3A23FA10}.Release|x64.ActiveCfg = Release|x64
		{8EECE493-269B-417C-9DD7-11FD3A23FA10}.Release|x64.Build.0 = Release|x64
		{8EECE493-269B-417C-9DD7-11FD3A23FA10}.Release|x86.ActiveCfg = Release|Win32
		{8EECE493-269B-417C-9DD7-11FD3A23FA10}.Release|x86.Build.0 = Release|Win32
		{8EECE493-269B-417C-9DD7-11FD3A23FA10}.ReleaseWithTracy|x64.ActiveCfg = Release|x64
		{8EECE493-269B-417C-9DD7-11FD3A23FA10}.ReleaseWithTracy|x64.Build.0 = Release|x64
		{8EECE493-269B-417C-9DD7-11FD3A23FA10}.ReleaseWithTracy|x86.ActiveCfg = Release|Win32
		{8EECE493-269B-417C-9DD7-11FD3A23FA10}.ReleaseWithTracy|x86.Build.0 = Release|Win32
		{1CD0CD6A-5B97-4EFD-A0A9-35546DEA460E}.Debug|x64.ActiveCfg = Debug|x64
		{1CD0CD6A-5B97-4EFD-A0A9-35546DEA460E}.Debug|x64.Build.0 = Debug|x64
		{1CD0CD6A-5B97-4EFD-A0A9-35546DEA460E}.Debug|x86.ActiveCfg = Debug|Win32
		{1CD0CD6A-5B97-4EFD-A0A9-35546DEA460E}.Debug|x86.Build.0 = Debug|Win32
		{1CD0CD6A-5B97-4EFD-A0A9-35546DEA460E}.Release|x64.ActiveCfg = Release|x64
		{1CD0CD6A-5B97-4EFD-A0A9-35546DEA460E}.Release|x64.Build.0 = Release|x64
		{1CD0CD6A-5B97-4EFD-A0A9-35546DEA460E}.Release|x86.ActiveCfg = Release|Win32
		{1CD0CD6A-5B97-4EFD-A0A9-35546DEA460E}.Release|x86.Build.0 = Release|Win32
		{1CD0CD6A-5B97-4EFD-A0A9-35546DEA460E}.ReleaseWithTracy|x64.ActiveCfg = Release|x64
		{1CD0CD6A-5B97-4EFD-A0A9-35546DEA460E}.ReleaseWithTracy|x64.Build.0 = Release|x64
		{1CD0CD6A-5B97-4EFD-A0A9-35546DEA460E}.ReleaseWithTracy|x86.ActiveCfg = Release|Win32
		{1CD0CD6A-5B97-4EFD-A0A9-35546DEA460E}.ReleaseWithTracy|x86.Build.0 = Release|Win32
	EndGlobalSection
	GlobalSection(SolutionProperties) = preSolution
		HideSolutionNode = FALSE
	EndGlobalSection
	GlobalSection(NestedProjects) = preSolution
		{36D6F879-F4CB-477E-BB87-33D867EDDB0A} = {008A2872-432F-480B-828D-FF9AAA4846BC}
		{3125E078-7261-48C4-803E-4B29CEEAA56B} = {64A05F50-3203-42CC-B632-09D6EE6EA856}
		{9372D878-F76C-418B-8E2A-8E9896FF575B} = {008A2872-432F-480B-828D-FF9AAA4846BC}
		{60F01E36-B838-4AA0-8057-8324E0E39526} = {008A2872-432F-480B-828D-FF9AAA4846BC}
		{DA956FD3-E142-46F2-9DD5-C78BEBB56B7A} = {64A05F50-3203-42CC-B632-09D6EE6EA856}
		{81CE8DAF-EBB2-4761-8E45-B71ABCCA8C68} = {64A05F50-3203-42CC-B632-09D6EE6EA856}
		{B86F9380-6228-4B11-87AD-29FDABF95ABB} = {64A05F50-3203-42CC-B632-09D6EE6EA856}
		{6EC7FDF3-1418-40BD-8584-1EEA34AC3E3E} = {008A2872-432F-480B-828D-FF9AAA4846BC}
		{660A9963-15E0-4B91-A5CF-BED493E862EC} = {60F01E36-B838-4AA0-8057-8324E0E39526}
		{BF968FD3-EF46-45AF-B74E-46A41A96276F} = {008A2872-432F-480B-828D-FF9AAA4846BC}
		{CBF9B825-F140-4A02-8A3F-059103D6CA90} = {64A05F50-3203-42CC-B632-09D6EE6EA856}
		{4B88E4F6-56B3-4F66-BEE8-0A4A21937BEE} = {64A05F50-3203-42CC-B632-09D6EE6EA856}
		{70340FF5-B49D-453F-A4F0-75EFB08E0DF0} = {008A2872-432F-480B-828D-FF9AAA4846BC}
		{50EB9A3C-CC0B-4D74-BCF3-8E6C8B778E5A} = {9D5A1DB2-E74D-4CDD-8377-9EA08CF4AADE}
		{DD5ACB0A-E326-4EA9-B5A8-C23D66C27650} = {9D5A1DB2-E74D-4CDD-8377-9EA08CF4AADE}
		{65DF2840-29D7-46FC-868D-201CF2B651E0} = {64A05F50-3203-42CC-B632-09D6EE6EA856}
		{71772007-5110-418D-BE9C-FB102B6EAABF} = {64A05F50-3203-42CC-B632-09D6EE6EA856}
		{2F6C532E-1D52-4E87-8B7D-979EAA214DB6} = {64A05F50-3203-42CC-B632-09D6EE6EA856}
		{E12740B8-CCEF-454D-98A2-9123F865BFF6} = {008A2872-432F-480B-828D-FF9AAA4846BC}
		{85665837-9D30-4271-BA0F-086729C40DA0} = {9D5A1DB2-E74D-4CDD-8377-9EA08CF4AADE}
		{FC149187-4642-4A28-9EED-A4EB57197A7B} = {C6DD47BC-0C38-4AE6-B517-9675F3AC8A50}
		{A2833CCC-1DF0-4679-8B6D-4AB8CBB66E3A} = {64A05F50-3203-42CC-B632-09D6EE6EA856}
		{F0DABAB6-069E-4B31-9BFC-296CE2FE23A6} = {008A2872-432F-480B-828D-FF9AAA4846BC}
		{C17379B6-11B1-43AB-A2EF-234CA1D91297} = {64A05F50-3203-42CC-B632-09D6EE6EA856}
		{9176A2AF-8586-4D37-B4AA-21E2460709BF} = {64A05F50-3203-42CC-B632-09D6EE6EA856}
		{95DE2266-7CE9-44BD-9E7B-DCA2B9586D01} = {64A05F50-3203-42CC-B632-09D6EE6EA856}
		{8EECE493-269B-417C-9DD7-11FD3A23FA10} = {C6DD47BC-0C38-4AE6-B517-9675F3AC8A50}
		{1CD0CD6A-5B97-4EFD-A0A9-35546DEA460E} = {C6DD47BC-0C38-4AE6-B517-9675F3AC8A50}
	EndGlobalSection
	GlobalSection(ExtensibilityGlobals) = postSolution
		SolutionGuid = {AC54A867-F976-4B3D-A6EF-F57EB764DCD4}
		                SolutionGuid = {284E91C1-764E-441A-854D-CFD3623A6501}
	EndGlobalSection
EndGlobal
